{
  "version": 4,
  "terraform_version": "1.0.9",
  "serial": 413,
  "lineage": "44fea9d7-1646-5369-4cc7-49da65be4e14",
  "outputs": {
    "cluster_name": {
      "value": "airflow-eks-data-bootcamp",
      "type": "string"
    },
    "efs": {
      "value": "fs-038fda7c80c1509bd.efs.us-east-2.amazonaws.com",
      "type": "string"
    },
    "region": {
      "value": "us-east-2",
      "type": "string"
    }
  },
  "resources": [
    {
      "module": "module.eks",
      "mode": "data",
      "type": "aws_eks_cluster",
      "name": "cluster",
      "provider": "provider[\"registry.terraform.io/hashicorp/aws\"]",
      "instances": [
        {
          "schema_version": 0,
          "attributes": {
            "arn": "arn:aws:eks:us-east-2:524463040284:cluster/airflow-eks-data-bootcamp",
            "certificate_authority": [
              {
                "data": "LS0tLS1CRUdJTiBDRVJUSUZJQ0FURS0tLS0tCk1JSUM1ekNDQWMrZ0F3SUJBZ0lCQURBTkJna3Foa2lHOXcwQkFRc0ZBREFWTVJNd0VRWURWUVFERXdwcmRXSmwKY201bGRHVnpNQjRYRFRJeE1UQXlOVEF3TXpZeE1Gb1hEVE14TVRBeU16QXdNell4TUZvd0ZURVRNQkVHQTFVRQpBeE1LYTNWaVpYSnVaWFJsY3pDQ0FTSXdEUVlKS29aSWh2Y05BUUVCQlFBRGdnRVBBRENDQVFvQ2dnRUJBTDYzCkJJckxONkViK2dmdlZzelJWNFVSSmcyc3lsZEtmVGVzRjRvR2hQZ0I2VXVUVEdKV0tzcTd5Mjd0RDMra2tBQlMKNjZUWkdCZ2VDS2NnN3BZSU9jWFFJTUlnU3pDMllCVDNOKzhSeDFFN1lBbUEvMXhyUGFKQVlvVEtYaHVoTGhvdgp6UFVXd0dpUDF4ZWNIdXJidzZZbnpaS00vK2o0YlhqSnJibENwYVB0YTUyWk84ZzRNZk1qREtFRVk1TUhYblBJCmdkYk5taGU5OU1EOEpXc1JwV2hBdVhjVG9XOUJqTmcxaFgrTkh1ZnZMT1RoelJFY0ViQW82WWp1YVU1Y09JYTMKOUhwY05mcFNldTBkSVU1NjZrS2h3ZnBGMWhUL0RBbHRJLzY4cU9pMWFqaG52elBWUjdVTExGQW8wRWJEUHFHSApzekM2THFpQ3RGVU1RNXk0UFA4Q0F3RUFBYU5DTUVBd0RnWURWUjBQQVFIL0JBUURBZ0trTUE4R0ExVWRFd0VCCi93UUZNQU1CQWY4d0hRWURWUjBPQkJZRUZGQld0QnRBdThSaUlscVBhMXIzRDRTK25pejhNQTBHQ1NxR1NJYjMKRFFFQkN3VUFBNElCQVFBMWFXc25udHNjcFVZbjhDMXpsbGp2T1poRnQvcVZHVGU3OTB4VVBqVHQxOVlZOXlMcgpsRjV2bUtjcjd4dTMvNUloYWwxK3VOMTc3VWtQanB6NEZ4K3Y0ajdaVzdoNlhRaWtGLyt1OG1JdWJZK0lGVVJxCklybUdiallBUks3SW5mRHp5a0crTXV6V1BxMnNuSW1leFdpWmRReGRieGFYc0htSWVMK3FtdHNYem5aL2krSWQKUnZydGkxMU8yYm14eG51NVBnT1hXVHV4eDBhS1crZ3Z6Y2l0NTVSbGJ6U1VaUjVMQW9qb3FCYVpNNzJZcUFJbgp6M25hV21DV2xHYThmSWtLUm0wcnNtYkxhbDdkdUZqT2s3MHdJaFdnL05WSWREdGpJdkM0NElVWmErWnUrckNrCi94bDRZUXY1Wk5MNmU5Qy9LZXd0UGhna1JzcWt6NnRLNzZUeAotLS0tLUVORCBDRVJUSUZJQ0FURS0tLS0tCg=="
              }
            ],
            "created_at": "2021-10-25 00:30:20.979 +0000 UTC",
            "enabled_cluster_log_types": [],
            "endpoint": "https://8DEE349F57C2CE478FB0128473187893.gr7.us-east-2.eks.amazonaws.com",
            "id": "airflow-eks-data-bootcamp",
            "identity": [
              {
                "oidc": [
                  {
                    "issuer": "https://oidc.eks.us-east-2.amazonaws.com/id/8DEE349F57C2CE478FB0128473187893"
                  }
                ]
              }
            ],
            "kubernetes_network_config": [
              {
                "service_ipv4_cidr": "172.20.0.0/16"
              }
            ],
            "name": "airflow-eks-data-bootcamp",
            "platform_version": "eks.2",
            "role_arn": "arn:aws:iam::524463040284:role/airflow-eks-data-bootcamp20211025002959343700000003",
            "status": "ACTIVE",
            "tags": {
              "Environment": "data-bootcamp",
              "GithubOrg": "terraform-aws-modules",
              "GithubRepo": "terraform-aws-eks"
            },
            "version": "1.20",
            "vpc_config": [
              {
                "cluster_security_group_id": "sg-06ae975f4edfe1d68",
                "endpoint_private_access": false,
                "endpoint_public_access": true,
                "public_access_cidrs": [
                  "0.0.0.0/0"
                ],
                "security_group_ids": [
                  "sg-08d813b93b2426475"
                ],
                "subnet_ids": [
                  "subnet-026503851717dab3a",
                  "subnet-0e6d67505ff56f1ed"
                ],
                "vpc_id": "vpc-0900321d9b7cb4b45"
              }
            ]
          },
          "sensitive_attributes": []
        }
      ]
    },
    {
      "module": "module.eks",
      "mode": "data",
      "type": "aws_eks_cluster_auth",
      "name": "cluster",
      "provider": "provider[\"registry.terraform.io/hashicorp/aws\"]",
      "instances": [
        {
          "schema_version": 0,
          "attributes": {
            "id": "airflow-eks-data-bootcamp",
            "name": "airflow-eks-data-bootcamp",
            "token": "k8s-aws-v1.aHR0cHM6Ly9zdHMuYW1hem9uYXdzLmNvbS8_QWN0aW9uPUdldENhbGxlcklkZW50aXR5JlZlcnNpb249MjAxMS0wNi0xNSZYLUFtei1BbGdvcml0aG09QVdTNC1ITUFDLVNIQTI1NiZYLUFtei1DcmVkZW50aWFsPUFLSUFYVUhETzQ0T0haS0JXQUdMJTJGMjAyMTEwMjUlMkZ1cy1lYXN0LTElMkZzdHMlMkZhd3M0X3JlcXVlc3QmWC1BbXotRGF0ZT0yMDIxMTAyNVQwMDQwNDNaJlgtQW16LUV4cGlyZXM9MCZYLUFtei1TaWduZWRIZWFkZXJzPWhvc3QlM0J4LWs4cy1hd3MtaWQmWC1BbXotU2lnbmF0dXJlPWFjOGRiOTZiYjUyM2IxNzQ1NGIzYzg0NzExZDQ3MzhmYjc4ZmNiNTJmNzAwZTAwMTM0NDg1YmYzZTI4ZTA5ZjQ"
          },
          "sensitive_attributes": []
        }
      ]
    },
    {
      "module": "module.eks",
      "mode": "managed",
      "type": "aws_efs_file_system",
      "name": "efs_provisioner",
      "provider": "provider[\"registry.terraform.io/hashicorp/aws\"]",
      "instances": [
        {
          "schema_version": 0,
          "attributes": {
            "arn": "arn:aws:elasticfilesystem:us-east-2:524463040284:file-system/fs-038fda7c80c1509bd",
            "availability_zone_id": "",
            "availability_zone_name": "",
            "creation_token": "terraform-20211025002959342900000001",
            "dns_name": "fs-038fda7c80c1509bd.efs.us-east-2.amazonaws.com",
            "encrypted": false,
            "id": "fs-038fda7c80c1509bd",
            "kms_key_id": "",
            "lifecycle_policy": [],
            "number_of_mount_targets": 0,
            "owner_id": "524463040284",
            "performance_mode": "generalPurpose",
            "provisioned_throughput_in_mibps": 0,
            "size_in_bytes": [
              {
                "value": 6144,
                "value_in_ia": 0,
                "value_in_standard": 6144
              }
            ],
            "tags": null,
            "tags_all": {},
            "throughput_mode": "bursting"
          },
          "sensitive_attributes": [],
          "private": "bnVsbA=="
        }
      ]
    },
    {
      "module": "module.eks",
      "mode": "managed",
      "type": "aws_efs_mount_target",
      "name": "efs_provisioner",
      "provider": "provider[\"registry.terraform.io/hashicorp/aws\"]",
      "instances": [
        {
          "index_key": 0,
          "schema_version": 0,
          "attributes": {
            "availability_zone_id": "use2-az1",
            "availability_zone_name": "us-east-2a",
            "dns_name": "fs-038fda7c80c1509bd.efs.us-east-2.amazonaws.com",
            "file_system_arn": "arn:aws:elasticfilesystem:us-east-2:524463040284:file-system/fs-038fda7c80c1509bd",
            "file_system_id": "fs-038fda7c80c1509bd",
            "id": "fsmt-05e4c03a7a8081582",
            "ip_address": "10.0.1.61",
            "mount_target_dns_name": "us-east-2a.fs-038fda7c80c1509bd.efs.us-east-2.amazonaws.com",
            "network_interface_id": "eni-05a502570737bb392",
            "owner_id": "524463040284",
            "security_groups": [
              "sg-0cc9095b646bab7be"
            ],
            "subnet_id": "subnet-0e6d67505ff56f1ed"
          },
          "sensitive_attributes": [],
          "private": "bnVsbA==",
          "dependencies": [
            "module.eks.aws_efs_file_system.efs_provisioner",
            "module.eks.aws_security_group.all_worker_mgmt",
            "module.eks.aws_security_group.ingress_efs",
            "module.eks.aws_security_group.worker_group_mgmt_one",
            "module.eks.aws_security_group.worker_group_mgmt_two",
            "module.networking.aws_subnet.private_subnet",
            "module.networking.aws_vpc.vpc"
          ]
        },
        {
          "index_key": 1,
          "schema_version": 0,
          "attributes": {
            "availability_zone_id": "use2-az2",
            "availability_zone_name": "us-east-2b",
            "dns_name": "fs-038fda7c80c1509bd.efs.us-east-2.amazonaws.com",
            "file_system_arn": "arn:aws:elasticfilesystem:us-east-2:524463040284:file-system/fs-038fda7c80c1509bd",
            "file_system_id": "fs-038fda7c80c1509bd",
            "id": "fsmt-005e99bcbb6689324",
            "ip_address": "10.0.2.208",
            "mount_target_dns_name": "us-east-2b.fs-038fda7c80c1509bd.efs.us-east-2.amazonaws.com",
            "network_interface_id": "eni-0e430f216e5356b6c",
            "owner_id": "524463040284",
            "security_groups": [
              "sg-0cc9095b646bab7be"
            ],
            "subnet_id": "subnet-026503851717dab3a"
          },
          "sensitive_attributes": [],
          "private": "bnVsbA==",
          "dependencies": [
            "module.eks.aws_efs_file_system.efs_provisioner",
            "module.eks.aws_security_group.all_worker_mgmt",
            "module.eks.aws_security_group.ingress_efs",
            "module.eks.aws_security_group.worker_group_mgmt_one",
            "module.eks.aws_security_group.worker_group_mgmt_two",
            "module.networking.aws_subnet.private_subnet",
            "module.networking.aws_vpc.vpc"
          ]
        }
      ]
    },
    {
      "module": "module.eks",
      "mode": "managed",
      "type": "aws_security_group",
      "name": "all_worker_mgmt",
      "provider": "provider[\"registry.terraform.io/hashicorp/aws\"]",
      "instances": [
        {
          "schema_version": 1,
          "attributes": {
            "arn": "arn:aws:ec2:us-east-2:524463040284:security-group/sg-05ae1f51969c762e9",
            "description": "Managed by Terraform",
            "egress": [],
            "id": "sg-05ae1f51969c762e9",
            "ingress": [
              {
                "cidr_blocks": [
                  "10.0.0.0/8",
                  "172.16.0.0/12",
                  "192.168.0.0/16"
                ],
                "description": "",
                "from_port": 22,
                "ipv6_cidr_blocks": [],
                "prefix_list_ids": [],
                "protocol": "tcp",
                "security_groups": [],
                "self": false,
                "to_port": 22
              }
            ],
            "name": "all_worker_management20211025003013817300000008",
            "name_prefix": "all_worker_management",
            "owner_id": "524463040284",
            "revoke_rules_on_delete": false,
            "tags": null,
            "tags_all": {},
            "timeouts": null,
            "vpc_id": "vpc-0900321d9b7cb4b45"
          },
          "sensitive_attributes": [],
          "private": "eyJlMmJmYjczMC1lY2FhLTExZTYtOGY4OC0zNDM2M2JjN2M0YzAiOnsiY3JlYXRlIjo2MDAwMDAwMDAwMDAsImRlbGV0ZSI6OTAwMDAwMDAwMDAwfSwic2NoZW1hX3ZlcnNpb24iOiIxIn0=",
          "dependencies": [
            "module.networking.aws_vpc.vpc"
          ]
        }
      ]
    },
    {
      "module": "module.eks",
      "mode": "managed",
      "type": "aws_security_group",
      "name": "ingress_efs",
      "provider": "provider[\"registry.terraform.io/hashicorp/aws\"]",
      "instances": [
        {
          "schema_version": 1,
          "attributes": {
            "arn": "arn:aws:ec2:us-east-2:524463040284:security-group/sg-0cc9095b646bab7be",
            "description": "Allow NFS traffic.",
            "egress": [
              {
                "cidr_blocks": [],
                "description": "",
                "from_port": 0,
                "ipv6_cidr_blocks": [],
                "prefix_list_ids": [],
                "protocol": "-1",
                "security_groups": [
                  "sg-05ae1f51969c762e9",
                  "sg-09914522d53dca14f",
                  "sg-0f77cbcca79874478"
                ],
                "self": false,
                "to_port": 0
              }
            ],
            "id": "sg-0cc9095b646bab7be",
            "ingress": [
              {
                "cidr_blocks": [],
                "description": "",
                "from_port": 2049,
                "ipv6_cidr_blocks": [],
                "prefix_list_ids": [],
                "protocol": "tcp",
                "security_groups": [
                  "sg-05ae1f51969c762e9",
                  "sg-09914522d53dca14f",
                  "sg-0f77cbcca79874478"
                ],
                "self": false,
                "to_port": 2049
              }
            ],
            "name": "ingress-terraform-20211025002959342900000001-sg",
            "name_prefix": "",
            "owner_id": "524463040284",
            "revoke_rules_on_delete": false,
            "tags": null,
            "tags_all": {},
            "timeouts": null,
            "vpc_id": "vpc-0900321d9b7cb4b45"
          },
          "sensitive_attributes": [],
          "private": "eyJlMmJmYjczMC1lY2FhLTExZTYtOGY4OC0zNDM2M2JjN2M0YzAiOnsiY3JlYXRlIjo2MDAwMDAwMDAwMDAsImRlbGV0ZSI6OTAwMDAwMDAwMDAwfSwic2NoZW1hX3ZlcnNpb24iOiIxIn0=",
          "dependencies": [
            "module.eks.aws_efs_file_system.efs_provisioner",
            "module.eks.aws_security_group.all_worker_mgmt",
            "module.eks.aws_security_group.worker_group_mgmt_one",
            "module.eks.aws_security_group.worker_group_mgmt_two",
            "module.networking.aws_vpc.vpc"
          ]
        }
      ]
    },
    {
      "module": "module.eks",
      "mode": "managed",
      "type": "aws_security_group",
      "name": "worker_group_mgmt_one",
      "provider": "provider[\"registry.terraform.io/hashicorp/aws\"]",
      "instances": [
        {
          "schema_version": 1,
          "attributes": {
            "arn": "arn:aws:ec2:us-east-2:524463040284:security-group/sg-09914522d53dca14f",
            "description": "Managed by Terraform",
            "egress": [],
            "id": "sg-09914522d53dca14f",
            "ingress": [
              {
                "cidr_blocks": [
                  "10.0.0.0/8"
                ],
                "description": "",
                "from_port": 22,
                "ipv6_cidr_blocks": [],
                "prefix_list_ids": [],
                "protocol": "tcp",
                "security_groups": [],
                "self": false,
                "to_port": 22
              }
            ],
            "name": "worker_group_mgmt_one2021102500301478530000000a",
            "name_prefix": "worker_group_mgmt_one",
            "owner_id": "524463040284",
            "revoke_rules_on_delete": false,
            "tags": null,
            "tags_all": {},
            "timeouts": null,
            "vpc_id": "vpc-0900321d9b7cb4b45"
          },
          "sensitive_attributes": [],
          "private": "eyJlMmJmYjczMC1lY2FhLTExZTYtOGY4OC0zNDM2M2JjN2M0YzAiOnsiY3JlYXRlIjo2MDAwMDAwMDAwMDAsImRlbGV0ZSI6OTAwMDAwMDAwMDAwfSwic2NoZW1hX3ZlcnNpb24iOiIxIn0=",
          "dependencies": [
            "module.networking.aws_vpc.vpc"
          ],
          "create_before_destroy": true
        }
      ]
    },
    {
      "module": "module.eks",
      "mode": "managed",
      "type": "aws_security_group",
      "name": "worker_group_mgmt_two",
      "provider": "provider[\"registry.terraform.io/hashicorp/aws\"]",
      "instances": [
        {
          "schema_version": 1,
          "attributes": {
            "arn": "arn:aws:ec2:us-east-2:524463040284:security-group/sg-0f77cbcca79874478",
            "description": "Managed by Terraform",
            "egress": [],
            "id": "sg-0f77cbcca79874478",
            "ingress": [
              {
                "cidr_blocks": [
                  "192.168.0.0/16"
                ],
                "description": "",
                "from_port": 22,
                "ipv6_cidr_blocks": [],
                "prefix_list_ids": [],
                "protocol": "tcp",
                "security_groups": [],
                "self": false,
                "to_port": 22
              }
            ],
            "name": "worker_group_mgmt_two20211025003013818000000009",
            "name_prefix": "worker_group_mgmt_two",
            "owner_id": "524463040284",
            "revoke_rules_on_delete": false,
            "tags": null,
            "tags_all": {},
            "timeouts": null,
            "vpc_id": "vpc-0900321d9b7cb4b45"
          },
          "sensitive_attributes": [],
          "private": "eyJlMmJmYjczMC1lY2FhLTExZTYtOGY4OC0zNDM2M2JjN2M0YzAiOnsiY3JlYXRlIjo2MDAwMDAwMDAwMDAsImRlbGV0ZSI6OTAwMDAwMDAwMDAwfSwic2NoZW1hX3ZlcnNpb24iOiIxIn0=",
          "dependencies": [
            "module.networking.aws_vpc.vpc"
          ],
          "create_before_destroy": true
        }
      ]
    },
    {
      "module": "module.eks.module.eks",
      "mode": "data",
      "type": "aws_ami",
      "name": "eks_worker",
      "provider": "provider[\"registry.terraform.io/hashicorp/aws\"]",
      "instances": [
        {
          "index_key": 0,
          "schema_version": 0,
          "attributes": {
            "architecture": "x86_64",
            "arn": "arn:aws:ec2:us-east-2::image/ami-0abbd217a24c16672",
            "block_device_mappings": [
              {
                "device_name": "/dev/xvda",
                "ebs": {
                  "delete_on_termination": "true",
                  "encrypted": "false",
                  "iops": "0",
                  "snapshot_id": "snap-02dc80271a87de363",
                  "throughput": "0",
                  "volume_size": "20",
                  "volume_type": "gp2"
                },
                "no_device": "",
                "virtual_name": ""
              }
            ],
            "creation_date": "2021-10-15T01:28:32.000Z",
            "description": "EKS Kubernetes Worker AMI with AmazonLinux2 image, (k8s: 1.20.10, docker: 20.10.7-3.amzn2, containerd: 1.4.6-3.amzn2)",
            "ena_support": true,
            "executable_users": null,
            "filter": [
              {
                "name": "name",
                "values": [
                  "amazon-eks-node-1.20-v*"
                ]
              }
            ],
            "hypervisor": "xen",
            "id": "ami-0abbd217a24c16672",
            "image_id": "ami-0abbd217a24c16672",
            "image_location": "amazon/amazon-eks-node-1.20-v20211013",
            "image_owner_alias": "amazon",
            "image_type": "machine",
            "kernel_id": null,
            "most_recent": true,
            "name": "amazon-eks-node-1.20-v20211013",
            "name_regex": null,
            "owner_id": "602401143452",
            "owners": [
              "amazon"
            ],
            "platform": null,
            "platform_details": "Linux/UNIX",
            "product_codes": [],
            "public": true,
            "ramdisk_id": null,
            "root_device_name": "/dev/xvda",
            "root_device_type": "ebs",
            "root_snapshot_id": "snap-02dc80271a87de363",
            "sriov_net_support": "simple",
            "state": "available",
            "state_reason": {
              "code": "UNSET",
              "message": "UNSET"
            },
            "tags": {},
            "usage_operation": "RunInstances",
            "virtualization_type": "hvm"
          },
          "sensitive_attributes": []
        }
      ]
    },
    {
      "module": "module.eks.module.eks",
      "mode": "data",
      "type": "aws_caller_identity",
      "name": "current",
      "provider": "provider[\"registry.terraform.io/hashicorp/aws\"]",
      "instances": [
        {
          "schema_version": 0,
          "attributes": {
            "account_id": "524463040284",
            "arn": "arn:aws:iam::524463040284:user/jim",
            "id": "524463040284",
            "user_id": "AIDAXUHDO44OGJA3R26AA"
          },
          "sensitive_attributes": []
        }
      ]
    },
    {
      "module": "module.eks.module.eks",
      "mode": "data",
      "type": "aws_iam_policy_document",
      "name": "cluster_assume_role_policy",
      "provider": "provider[\"registry.terraform.io/hashicorp/aws\"]",
      "instances": [
        {
          "schema_version": 0,
          "attributes": {
            "id": "2764486067",
            "json": "{\n  \"Version\": \"2012-10-17\",\n  \"Statement\": [\n    {\n      \"Sid\": \"EKSClusterAssumeRole\",\n      \"Effect\": \"Allow\",\n      \"Action\": \"sts:AssumeRole\",\n      \"Principal\": {\n        \"Service\": \"eks.amazonaws.com\"\n      }\n    }\n  ]\n}",
            "override_json": null,
            "override_policy_documents": null,
            "policy_id": null,
            "source_json": null,
            "source_policy_documents": null,
            "statement": [
              {
                "actions": [
                  "sts:AssumeRole"
                ],
                "condition": [],
                "effect": "Allow",
                "not_actions": [],
                "not_principals": [],
                "not_resources": [],
                "principals": [
                  {
                    "identifiers": [
                      "eks.amazonaws.com"
                    ],
                    "type": "Service"
                  }
                ],
                "resources": [],
                "sid": "EKSClusterAssumeRole"
              }
            ],
            "version": "2012-10-17"
          },
          "sensitive_attributes": []
        }
      ]
    },
    {
      "module": "module.eks.module.eks",
      "mode": "data",
      "type": "aws_iam_policy_document",
      "name": "cluster_elb_sl_role_creation",
      "provider": "provider[\"registry.terraform.io/hashicorp/aws\"]",
      "instances": [
        {
          "index_key": 0,
          "schema_version": 0,
          "attributes": {
            "id": "3709839417",
            "json": "{\n  \"Version\": \"2012-10-17\",\n  \"Statement\": [\n    {\n      \"Sid\": \"\",\n      \"Effect\": \"Allow\",\n      \"Action\": [\n        \"ec2:DescribeInternetGateways\",\n        \"ec2:DescribeAddresses\",\n        \"ec2:DescribeAccountAttributes\"\n      ],\n      \"Resource\": \"*\"\n    }\n  ]\n}",
            "override_json": null,
            "override_policy_documents": null,
            "policy_id": null,
            "source_json": null,
            "source_policy_documents": null,
            "statement": [
              {
                "actions": [
                  "ec2:DescribeAccountAttributes",
                  "ec2:DescribeAddresses",
                  "ec2:DescribeInternetGateways"
                ],
                "condition": [],
                "effect": "Allow",
                "not_actions": [],
                "not_principals": [],
                "not_resources": [],
                "principals": [],
                "resources": [
                  "*"
                ],
                "sid": ""
              }
            ],
            "version": "2012-10-17"
          },
          "sensitive_attributes": []
        }
      ]
    },
    {
      "module": "module.eks.module.eks",
      "mode": "data",
      "type": "aws_iam_policy_document",
      "name": "workers_assume_role_policy",
      "provider": "provider[\"registry.terraform.io/hashicorp/aws\"]",
      "instances": [
        {
          "schema_version": 0,
          "attributes": {
            "id": "3778018924",
            "json": "{\n  \"Version\": \"2012-10-17\",\n  \"Statement\": [\n    {\n      \"Sid\": \"EKSWorkerAssumeRole\",\n      \"Effect\": \"Allow\",\n      \"Action\": \"sts:AssumeRole\",\n      \"Principal\": {\n        \"Service\": \"ec2.amazonaws.com\"\n      }\n    }\n  ]\n}",
            "override_json": null,
            "override_policy_documents": null,
            "policy_id": null,
            "source_json": null,
            "source_policy_documents": null,
            "statement": [
              {
                "actions": [
                  "sts:AssumeRole"
                ],
                "condition": [],
                "effect": "Allow",
                "not_actions": [],
                "not_principals": [],
                "not_resources": [],
                "principals": [
                  {
                    "identifiers": [
                      "ec2.amazonaws.com"
                    ],
                    "type": "Service"
                  }
                ],
                "resources": [],
                "sid": "EKSWorkerAssumeRole"
              }
            ],
            "version": "2012-10-17"
          },
          "sensitive_attributes": []
        }
      ]
    },
    {
      "module": "module.eks.module.eks",
      "mode": "data",
      "type": "aws_partition",
      "name": "current",
      "provider": "provider[\"registry.terraform.io/hashicorp/aws\"]",
      "instances": [
        {
          "schema_version": 0,
          "attributes": {
            "dns_suffix": "amazonaws.com",
            "id": "aws",
            "partition": "aws",
            "reverse_dns_prefix": "com.amazonaws"
          },
          "sensitive_attributes": []
        }
      ]
    },
    {
      "module": "module.eks.module.eks",
      "mode": "data",
      "type": "http",
      "name": "wait_for_cluster",
      "provider": "provider[\"registry.terraform.io/terraform-aws-modules/http\"]",
      "instances": [
        {
          "index_key": 0,
          "schema_version": 0,
          "attributes": {
            "body": "ok",
            "ca_certificate": "-----BEGIN CERTIFICATE-----\nMIIC5zCCAc+gAwIBAgIBADANBgkqhkiG9w0BAQsFADAVMRMwEQYDVQQDEwprdWJl\ncm5ldGVzMB4XDTIxMTAyNTAwMzYxMFoXDTMxMTAyMzAwMzYxMFowFTETMBEGA1UE\nAxMKa3ViZXJuZXRlczCCASIwDQYJKoZIhvcNAQEBBQADggEPADCCAQoCggEBAL63\nBIrLN6Eb+gfvVszRV4URJg2syldKfTesF4oGhPgB6UuTTGJWKsq7y27tD3+kkABS\n66TZGBgeCKcg7pYIOcXQIMIgSzC2YBT3N+8Rx1E7YAmA/1xrPaJAYoTKXhuhLhov\nzPUWwGiP1xecHurbw6YnzZKM/+j4bXjJrblCpaPta52ZO8g4MfMjDKEEY5MHXnPI\ngdbNmhe99MD8JWsRpWhAuXcToW9BjNg1hX+NHufvLOThzREcEbAo6YjuaU5cOIa3\n9HpcNfpSeu0dIU566kKhwfpF1hT/DAltI/68qOi1ajhnvzPVR7ULLFAo0EbDPqGH\nszC6LqiCtFUMQ5y4PP8CAwEAAaNCMEAwDgYDVR0PAQH/BAQDAgKkMA8GA1UdEwEB\n/wQFMAMBAf8wHQYDVR0OBBYEFFBWtBtAu8RiIlqPa1r3D4S+niz8MA0GCSqGSIb3\nDQEBCwUAA4IBAQA1aWsnntscpUYn8C1zlljvOZhFt/qVGTe790xUPjTt19YY9yLr\nlF5vmKcr7xu3/5Ihal1+uN177UkPjpz4Fx+v4j7ZW7h6XQikF/+u8mIubY+IFURq\nIrmGbjYARK7InfDzykG+MuzWPq2snImexWiZdQxdbxaXsHmIeL+qmtsXznZ/i+Id\nRvrti11O2bmxxnu5PgOXWTuxx0aKW+gvzcit55RlbzSUZR5LAojoqBaZM72YqAIn\nz3naWmCWlGa8fIkKRm0rsmbLal7duFjOk70wIhWg/NVIdDtjIvC44IUZa+Zu+rCk\n/xl4YQv5ZNL6e9C/KewtPhgkRsqkz6tK76Tx\n-----END CERTIFICATE-----\n",
            "id": "https://8DEE349F57C2CE478FB0128473187893.gr7.us-east-2.eks.amazonaws.com/healthz",
            "insecure": false,
            "request_headers": null,
            "response_headers": {
              "Cache-Control": "no-cache, private",
              "Content-Length": "2",
              "Content-Type": "text/plain; charset=utf-8",
              "Date": "Mon, 25 Oct 2021 00:40:43 GMT",
              "X-Content-Type-Options": "nosniff",
              "X-Kubernetes-Pf-Flowschema-Uid": "cd93932a-3278-4f0d-afd6-31279a0c793d",
              "X-Kubernetes-Pf-Prioritylevel-Uid": "3235127b-8fda-410a-b7f5-a33ccbaaf1e3"
            },
            "timeout": 300,
            "url": "https://8DEE349F57C2CE478FB0128473187893.gr7.us-east-2.eks.amazonaws.com/healthz"
          },
          "sensitive_attributes": []
        }
      ]
    },
    {
      "module": "module.eks.module.eks",
      "mode": "managed",
      "type": "aws_autoscaling_group",
      "name": "workers",
      "provider": "provider[\"registry.terraform.io/hashicorp/aws\"]",
      "instances": [
        {
          "index_key": 0,
          "schema_version": 0,
          "attributes": {
            "arn": "arn:aws:autoscaling:us-east-2:524463040284:autoScalingGroup:ceb0729d-c0af-4a48-91d2-3d9e29fcbbc4:autoScalingGroupName/airflow-eks-data-bootcamp-worker-group-120211025003951557000000017",
            "availability_zones": [
              "us-east-2a",
              "us-east-2b"
            ],
            "capacity_rebalance": false,
            "default_cooldown": 300,
            "desired_capacity": 2,
            "enabled_metrics": null,
            "force_delete": false,
            "force_delete_warm_pool": false,
            "health_check_grace_period": 300,
            "health_check_type": "EC2",
            "id": "airflow-eks-data-bootcamp-worker-group-120211025003951557000000017",
            "initial_lifecycle_hook": [],
            "instance_refresh": [],
            "launch_configuration": "airflow-eks-data-bootcamp-worker-group-120211025003940955000000015",
            "launch_template": [],
            "load_balancers": null,
            "max_instance_lifetime": 0,
            "max_size": 3,
            "metrics_granularity": "1Minute",
            "min_elb_capacity": null,
            "min_size": 1,
            "mixed_instances_policy": [],
            "name": "airflow-eks-data-bootcamp-worker-group-120211025003951557000000017",
            "name_prefix": "airflow-eks-data-bootcamp-worker-group-1",
            "placement_group": "",
            "protect_from_scale_in": false,
            "service_linked_role_arn": "arn:aws:iam::524463040284:role/aws-service-role/autoscaling.amazonaws.com/AWSServiceRoleForAutoScaling",
            "suspended_processes": [
              "AZRebalance"
            ],
            "tag": [
              {
                "key": "Environment",
                "propagate_at_launch": true,
                "value": "data-bootcamp"
              },
              {
                "key": "GithubOrg",
                "propagate_at_launch": true,
                "value": "terraform-aws-modules"
              },
              {
                "key": "GithubRepo",
                "propagate_at_launch": true,
                "value": "terraform-aws-eks"
              },
              {
                "key": "Name",
                "propagate_at_launch": true,
                "value": "airflow-eks-data-bootcamp-worker-group-1-eks_asg"
              },
              {
                "key": "k8s.io/cluster/airflow-eks-data-bootcamp",
                "propagate_at_launch": true,
                "value": "owned"
              },
              {
                "key": "kubernetes.io/cluster/airflow-eks-data-bootcamp",
                "propagate_at_launch": true,
                "value": "owned"
              }
            ],
            "tags": null,
            "target_group_arns": null,
            "termination_policies": [],
            "timeouts": null,
            "vpc_zone_identifier": [
              "subnet-026503851717dab3a",
              "subnet-0e6d67505ff56f1ed"
            ],
            "wait_for_capacity_timeout": "10m",
            "wait_for_elb_capacity": null,
            "warm_pool": []
          },
          "sensitive_attributes": [],
          "private": "eyJlMmJmYjczMC1lY2FhLTExZTYtOGY4OC0zNDM2M2JjN2M0YzAiOnsiZGVsZXRlIjo2MDAwMDAwMDAwMDB9fQ==",
          "dependencies": [
            "module.eks.aws_security_group.worker_group_mgmt_one",
            "module.eks.aws_security_group.worker_group_mgmt_two",
            "module.eks.module.eks.aws_cloudwatch_log_group.this",
            "module.eks.module.eks.aws_eks_cluster.this",
            "module.eks.module.eks.aws_iam_instance_profile.workers",
            "module.eks.module.eks.aws_iam_role.cluster",
            "module.eks.module.eks.aws_iam_role.workers",
            "module.eks.module.eks.aws_iam_role_policy_attachment.cluster_AmazonEKSClusterPolicy",
            "module.eks.module.eks.aws_iam_role_policy_attachment.cluster_AmazonEKSServicePolicy",
            "module.eks.module.eks.aws_iam_role_policy_attachment.cluster_AmazonEKSVPCResourceControllerPolicy",
            "module.eks.module.eks.aws_iam_role_policy_attachment.workers_AmazonEC2ContainerRegistryReadOnly",
            "module.eks.module.eks.aws_iam_role_policy_attachment.workers_AmazonEKSWorkerNodePolicy",
            "module.eks.module.eks.aws_iam_role_policy_attachment.workers_AmazonEKS_CNI_Policy",
            "module.eks.module.eks.aws_iam_role_policy_attachment.workers_additional_policies",
            "module.eks.module.eks.aws_launch_configuration.workers",
            "module.eks.module.eks.aws_security_group.cluster",
            "module.eks.module.eks.aws_security_group.workers",
            "module.eks.module.eks.aws_security_group_rule.cluster_egress_internet",
            "module.eks.module.eks.aws_security_group_rule.cluster_https_worker_ingress",
            "module.eks.module.eks.aws_security_group_rule.cluster_primary_ingress_workers",
            "module.eks.module.eks.aws_security_group_rule.workers_egress_internet",
            "module.eks.module.eks.aws_security_group_rule.workers_ingress_cluster",
            "module.eks.module.eks.aws_security_group_rule.workers_ingress_cluster_https",
            "module.eks.module.eks.aws_security_group_rule.workers_ingress_cluster_kubelet",
            "module.eks.module.eks.aws_security_group_rule.workers_ingress_cluster_primary",
            "module.eks.module.eks.aws_security_group_rule.workers_ingress_self",
            "module.eks.module.eks.data.aws_ami.eks_worker",
            "module.eks.module.eks.data.aws_ami.eks_worker_windows",
            "module.eks.module.eks.data.aws_iam_instance_profile.custom_worker_group_iam_instance_profile",
            "module.eks.module.eks.data.aws_iam_policy_document.cluster_assume_role_policy",
            "module.eks.module.eks.data.aws_iam_policy_document.workers_assume_role_policy",
            "module.eks.module.eks.data.aws_iam_role.custom_cluster_iam_role",
            "module.eks.module.eks.data.aws_partition.current",
            "module.networking.aws_subnet.private_subnet",
            "module.networking.aws_vpc.vpc"
          ],
          "create_before_destroy": true
        },
        {
          "index_key": 1,
          "schema_version": 0,
          "attributes": {
            "arn": "arn:aws:autoscaling:us-east-2:524463040284:autoScalingGroup:190e2c88-865e-453d-a0ea-9417e583ba9e:autoScalingGroupName/airflow-eks-data-bootcamp-worker-group-220211025003951552100000016",
            "availability_zones": [
              "us-east-2a",
              "us-east-2b"
            ],
            "capacity_rebalance": false,
            "default_cooldown": 300,
            "desired_capacity": 1,
            "enabled_metrics": null,
            "force_delete": false,
            "force_delete_warm_pool": false,
            "health_check_grace_period": 300,
            "health_check_type": "EC2",
            "id": "airflow-eks-data-bootcamp-worker-group-220211025003951552100000016",
            "initial_lifecycle_hook": [],
            "instance_refresh": [],
            "launch_configuration": "airflow-eks-data-bootcamp-worker-group-220211025003940951800000014",
            "launch_template": [],
            "load_balancers": null,
            "max_instance_lifetime": 0,
            "max_size": 3,
            "metrics_granularity": "1Minute",
            "min_elb_capacity": null,
            "min_size": 1,
            "mixed_instances_policy": [],
            "name": "airflow-eks-data-bootcamp-worker-group-220211025003951552100000016",
            "name_prefix": "airflow-eks-data-bootcamp-worker-group-2",
            "placement_group": "",
            "protect_from_scale_in": false,
            "service_linked_role_arn": "arn:aws:iam::524463040284:role/aws-service-role/autoscaling.amazonaws.com/AWSServiceRoleForAutoScaling",
            "suspended_processes": [
              "AZRebalance"
            ],
            "tag": [
              {
                "key": "Environment",
                "propagate_at_launch": true,
                "value": "data-bootcamp"
              },
              {
                "key": "GithubOrg",
                "propagate_at_launch": true,
                "value": "terraform-aws-modules"
              },
              {
                "key": "GithubRepo",
                "propagate_at_launch": true,
                "value": "terraform-aws-eks"
              },
              {
                "key": "Name",
                "propagate_at_launch": true,
                "value": "airflow-eks-data-bootcamp-worker-group-2-eks_asg"
              },
              {
                "key": "k8s.io/cluster/airflow-eks-data-bootcamp",
                "propagate_at_launch": true,
                "value": "owned"
              },
              {
                "key": "kubernetes.io/cluster/airflow-eks-data-bootcamp",
                "propagate_at_launch": true,
                "value": "owned"
              }
            ],
            "tags": null,
            "target_group_arns": null,
            "termination_policies": [],
            "timeouts": null,
            "vpc_zone_identifier": [
              "subnet-026503851717dab3a",
              "subnet-0e6d67505ff56f1ed"
            ],
            "wait_for_capacity_timeout": "10m",
            "wait_for_elb_capacity": null,
            "warm_pool": []
          },
          "sensitive_attributes": [],
          "private": "eyJlMmJmYjczMC1lY2FhLTExZTYtOGY4OC0zNDM2M2JjN2M0YzAiOnsiZGVsZXRlIjo2MDAwMDAwMDAwMDB9fQ==",
          "dependencies": [
            "module.eks.aws_security_group.worker_group_mgmt_one",
            "module.eks.aws_security_group.worker_group_mgmt_two",
            "module.eks.module.eks.aws_cloudwatch_log_group.this",
            "module.eks.module.eks.aws_eks_cluster.this",
            "module.eks.module.eks.aws_iam_instance_profile.workers",
            "module.eks.module.eks.aws_iam_role.cluster",
            "module.eks.module.eks.aws_iam_role.workers",
            "module.eks.module.eks.aws_iam_role_policy_attachment.cluster_AmazonEKSClusterPolicy",
            "module.eks.module.eks.aws_iam_role_policy_attachment.cluster_AmazonEKSServicePolicy",
            "module.eks.module.eks.aws_iam_role_policy_attachment.cluster_AmazonEKSVPCResourceControllerPolicy",
            "module.eks.module.eks.aws_iam_role_policy_attachment.workers_AmazonEC2ContainerRegistryReadOnly",
            "module.eks.module.eks.aws_iam_role_policy_attachment.workers_AmazonEKSWorkerNodePolicy",
            "module.eks.module.eks.aws_iam_role_policy_attachment.workers_AmazonEKS_CNI_Policy",
            "module.eks.module.eks.aws_iam_role_policy_attachment.workers_additional_policies",
            "module.eks.module.eks.aws_launch_configuration.workers",
            "module.eks.module.eks.aws_security_group.cluster",
            "module.eks.module.eks.aws_security_group.workers",
            "module.eks.module.eks.aws_security_group_rule.cluster_egress_internet",
            "module.eks.module.eks.aws_security_group_rule.cluster_https_worker_ingress",
            "module.eks.module.eks.aws_security_group_rule.cluster_primary_ingress_workers",
            "module.eks.module.eks.aws_security_group_rule.workers_egress_internet",
            "module.eks.module.eks.aws_security_group_rule.workers_ingress_cluster",
            "module.eks.module.eks.aws_security_group_rule.workers_ingress_cluster_https",
            "module.eks.module.eks.aws_security_group_rule.workers_ingress_cluster_kubelet",
            "module.eks.module.eks.aws_security_group_rule.workers_ingress_cluster_primary",
            "module.eks.module.eks.aws_security_group_rule.workers_ingress_self",
            "module.eks.module.eks.data.aws_ami.eks_worker",
            "module.eks.module.eks.data.aws_ami.eks_worker_windows",
            "module.eks.module.eks.data.aws_iam_instance_profile.custom_worker_group_iam_instance_profile",
            "module.eks.module.eks.data.aws_iam_policy_document.cluster_assume_role_policy",
            "module.eks.module.eks.data.aws_iam_policy_document.workers_assume_role_policy",
            "module.eks.module.eks.data.aws_iam_role.custom_cluster_iam_role",
            "module.eks.module.eks.data.aws_partition.current",
            "module.networking.aws_subnet.private_subnet",
            "module.networking.aws_vpc.vpc"
          ],
          "create_before_destroy": true
        }
      ]
    },
    {
      "module": "module.eks.module.eks",
      "mode": "managed",
      "type": "aws_eks_cluster",
      "name": "this",
      "provider": "provider[\"registry.terraform.io/hashicorp/aws\"]",
      "instances": [
        {
          "index_key": 0,
          "schema_version": 0,
          "attributes": {
            "arn": "arn:aws:eks:us-east-2:524463040284:cluster/airflow-eks-data-bootcamp",
            "certificate_authority": [
              {
                "data": "LS0tLS1CRUdJTiBDRVJUSUZJQ0FURS0tLS0tCk1JSUM1ekNDQWMrZ0F3SUJBZ0lCQURBTkJna3Foa2lHOXcwQkFRc0ZBREFWTVJNd0VRWURWUVFERXdwcmRXSmwKY201bGRHVnpNQjRYRFRJeE1UQXlOVEF3TXpZeE1Gb1hEVE14TVRBeU16QXdNell4TUZvd0ZURVRNQkVHQTFVRQpBeE1LYTNWaVpYSnVaWFJsY3pDQ0FTSXdEUVlKS29aSWh2Y05BUUVCQlFBRGdnRVBBRENDQVFvQ2dnRUJBTDYzCkJJckxONkViK2dmdlZzelJWNFVSSmcyc3lsZEtmVGVzRjRvR2hQZ0I2VXVUVEdKV0tzcTd5Mjd0RDMra2tBQlMKNjZUWkdCZ2VDS2NnN3BZSU9jWFFJTUlnU3pDMllCVDNOKzhSeDFFN1lBbUEvMXhyUGFKQVlvVEtYaHVoTGhvdgp6UFVXd0dpUDF4ZWNIdXJidzZZbnpaS00vK2o0YlhqSnJibENwYVB0YTUyWk84ZzRNZk1qREtFRVk1TUhYblBJCmdkYk5taGU5OU1EOEpXc1JwV2hBdVhjVG9XOUJqTmcxaFgrTkh1ZnZMT1RoelJFY0ViQW82WWp1YVU1Y09JYTMKOUhwY05mcFNldTBkSVU1NjZrS2h3ZnBGMWhUL0RBbHRJLzY4cU9pMWFqaG52elBWUjdVTExGQW8wRWJEUHFHSApzekM2THFpQ3RGVU1RNXk0UFA4Q0F3RUFBYU5DTUVBd0RnWURWUjBQQVFIL0JBUURBZ0trTUE4R0ExVWRFd0VCCi93UUZNQU1CQWY4d0hRWURWUjBPQkJZRUZGQld0QnRBdThSaUlscVBhMXIzRDRTK25pejhNQTBHQ1NxR1NJYjMKRFFFQkN3VUFBNElCQVFBMWFXc25udHNjcFVZbjhDMXpsbGp2T1poRnQvcVZHVGU3OTB4VVBqVHQxOVlZOXlMcgpsRjV2bUtjcjd4dTMvNUloYWwxK3VOMTc3VWtQanB6NEZ4K3Y0ajdaVzdoNlhRaWtGLyt1OG1JdWJZK0lGVVJxCklybUdiallBUks3SW5mRHp5a0crTXV6V1BxMnNuSW1leFdpWmRReGRieGFYc0htSWVMK3FtdHNYem5aL2krSWQKUnZydGkxMU8yYm14eG51NVBnT1hXVHV4eDBhS1crZ3Z6Y2l0NTVSbGJ6U1VaUjVMQW9qb3FCYVpNNzJZcUFJbgp6M25hV21DV2xHYThmSWtLUm0wcnNtYkxhbDdkdUZqT2s3MHdJaFdnL05WSWREdGpJdkM0NElVWmErWnUrckNrCi94bDRZUXY1Wk5MNmU5Qy9LZXd0UGhna1JzcWt6NnRLNzZUeAotLS0tLUVORCBDRVJUSUZJQ0FURS0tLS0tCg=="
              }
            ],
            "created_at": "2021-10-25 00:30:20.979 +0000 UTC",
            "enabled_cluster_log_types": null,
            "encryption_config": [],
            "endpoint": "https://8DEE349F57C2CE478FB0128473187893.gr7.us-east-2.eks.amazonaws.com",
            "id": "airflow-eks-data-bootcamp",
            "identity": [
              {
                "oidc": [
                  {
                    "issuer": "https://oidc.eks.us-east-2.amazonaws.com/id/8DEE349F57C2CE478FB0128473187893"
                  }
                ]
              }
            ],
            "kubernetes_network_config": [
              {
                "service_ipv4_cidr": "172.20.0.0/16"
              }
            ],
            "name": "airflow-eks-data-bootcamp",
            "platform_version": "eks.2",
            "role_arn": "arn:aws:iam::524463040284:role/airflow-eks-data-bootcamp20211025002959343700000003",
            "status": "ACTIVE",
            "tags": {
              "Environment": "data-bootcamp",
              "GithubOrg": "terraform-aws-modules",
              "GithubRepo": "terraform-aws-eks"
            },
            "tags_all": {
              "Environment": "data-bootcamp",
              "GithubOrg": "terraform-aws-modules",
              "GithubRepo": "terraform-aws-eks"
            },
            "timeouts": {
              "create": "30m",
              "delete": "15m",
              "update": "60m"
            },
            "version": "1.20",
            "vpc_config": [
              {
                "cluster_security_group_id": "sg-06ae975f4edfe1d68",
                "endpoint_private_access": false,
                "endpoint_public_access": true,
                "public_access_cidrs": [
                  "0.0.0.0/0"
                ],
                "security_group_ids": [
                  "sg-08d813b93b2426475"
                ],
                "subnet_ids": [
                  "subnet-026503851717dab3a",
                  "subnet-0e6d67505ff56f1ed"
                ],
                "vpc_id": "vpc-0900321d9b7cb4b45"
              }
            ]
          },
          "sensitive_attributes": [],
          "private": "eyJlMmJmYjczMC1lY2FhLTExZTYtOGY4OC0zNDM2M2JjN2M0YzAiOnsiY3JlYXRlIjoxODAwMDAwMDAwMDAwLCJkZWxldGUiOjkwMDAwMDAwMDAwMCwidXBkYXRlIjozNjAwMDAwMDAwMDAwfX0=",
          "dependencies": [
            "module.eks.module.eks.aws_cloudwatch_log_group.this",
            "module.eks.module.eks.aws_iam_role.cluster",
            "module.eks.module.eks.aws_iam_role_policy_attachment.cluster_AmazonEKSClusterPolicy",
            "module.eks.module.eks.aws_iam_role_policy_attachment.cluster_AmazonEKSServicePolicy",
            "module.eks.module.eks.aws_iam_role_policy_attachment.cluster_AmazonEKSVPCResourceControllerPolicy",
            "module.eks.module.eks.aws_security_group.cluster",
            "module.eks.module.eks.aws_security_group.workers",
            "module.eks.module.eks.aws_security_group_rule.cluster_egress_internet",
            "module.eks.module.eks.aws_security_group_rule.cluster_https_worker_ingress",
            "module.eks.module.eks.data.aws_iam_policy_document.cluster_assume_role_policy",
            "module.eks.module.eks.data.aws_iam_role.custom_cluster_iam_role",
            "module.eks.module.eks.data.aws_partition.current",
            "module.networking.aws_subnet.private_subnet",
            "module.networking.aws_vpc.vpc"
          ],
          "create_before_destroy": true
        }
      ]
    },
    {
      "module": "module.eks.module.eks",
      "mode": "managed",
      "type": "aws_iam_instance_profile",
      "name": "workers",
      "provider": "provider[\"registry.terraform.io/hashicorp/aws\"]",
      "instances": [
        {
          "index_key": 0,
          "schema_version": 0,
          "attributes": {
            "arn": "arn:aws:iam::524463040284:instance-profile/airflow-eks-data-bootcamp2021102500393959310000000f",
            "create_date": "2021-10-25T00:39:39Z",
            "id": "airflow-eks-data-bootcamp2021102500393959310000000f",
            "name": "airflow-eks-data-bootcamp2021102500393959310000000f",
            "name_prefix": "airflow-eks-data-bootcamp",
            "path": "/",
            "role": "airflow-eks-data-bootcamp2021102500393819490000000e",
            "tags": {
              "Environment": "data-bootcamp",
              "GithubOrg": "terraform-aws-modules",
              "GithubRepo": "terraform-aws-eks"
            },
            "tags_all": {
              "Environment": "data-bootcamp",
              "GithubOrg": "terraform-aws-modules",
              "GithubRepo": "terraform-aws-eks"
            },
            "unique_id": "AIPAXUHDO44OLA3BMLWV6"
          },
          "sensitive_attributes": [],
          "private": "bnVsbA==",
          "dependencies": [
            "module.eks.aws_security_group.worker_group_mgmt_one",
            "module.eks.aws_security_group.worker_group_mgmt_two",
            "module.eks.module.eks.aws_cloudwatch_log_group.this",
            "module.eks.module.eks.aws_eks_cluster.this",
            "module.eks.module.eks.aws_iam_role.cluster",
            "module.eks.module.eks.aws_iam_role.workers",
            "module.eks.module.eks.aws_iam_role_policy_attachment.cluster_AmazonEKSClusterPolicy",
            "module.eks.module.eks.aws_iam_role_policy_attachment.cluster_AmazonEKSServicePolicy",
            "module.eks.module.eks.aws_iam_role_policy_attachment.cluster_AmazonEKSVPCResourceControllerPolicy",
            "module.eks.module.eks.aws_security_group.cluster",
            "module.eks.module.eks.aws_security_group.workers",
            "module.eks.module.eks.aws_security_group_rule.cluster_egress_internet",
            "module.eks.module.eks.aws_security_group_rule.cluster_https_worker_ingress",
            "module.eks.module.eks.data.aws_iam_policy_document.cluster_assume_role_policy",
            "module.eks.module.eks.data.aws_iam_policy_document.workers_assume_role_policy",
            "module.eks.module.eks.data.aws_iam_role.custom_cluster_iam_role",
            "module.eks.module.eks.data.aws_partition.current",
            "module.networking.aws_subnet.private_subnet",
            "module.networking.aws_vpc.vpc"
          ],
          "create_before_destroy": true
        },
        {
          "index_key": 1,
          "schema_version": 0,
          "attributes": {
            "arn": "arn:aws:iam::524463040284:instance-profile/airflow-eks-data-bootcamp20211025003939593100000010",
            "create_date": "2021-10-25T00:39:39Z",
            "id": "airflow-eks-data-bootcamp20211025003939593100000010",
            "name": "airflow-eks-data-bootcamp20211025003939593100000010",
            "name_prefix": "airflow-eks-data-bootcamp",
            "path": "/",
            "role": "airflow-eks-data-bootcamp2021102500393819490000000e",
            "tags": {
              "Environment": "data-bootcamp",
              "GithubOrg": "terraform-aws-modules",
              "GithubRepo": "terraform-aws-eks"
            },
            "tags_all": {
              "Environment": "data-bootcamp",
              "GithubOrg": "terraform-aws-modules",
              "GithubRepo": "terraform-aws-eks"
            },
            "unique_id": "AIPAXUHDO44OLUOP7J4DI"
          },
          "sensitive_attributes": [],
          "private": "bnVsbA==",
          "dependencies": [
            "module.eks.aws_security_group.worker_group_mgmt_one",
            "module.eks.aws_security_group.worker_group_mgmt_two",
            "module.eks.module.eks.aws_cloudwatch_log_group.this",
            "module.eks.module.eks.aws_eks_cluster.this",
            "module.eks.module.eks.aws_iam_role.cluster",
            "module.eks.module.eks.aws_iam_role.workers",
            "module.eks.module.eks.aws_iam_role_policy_attachment.cluster_AmazonEKSClusterPolicy",
            "module.eks.module.eks.aws_iam_role_policy_attachment.cluster_AmazonEKSServicePolicy",
            "module.eks.module.eks.aws_iam_role_policy_attachment.cluster_AmazonEKSVPCResourceControllerPolicy",
            "module.eks.module.eks.aws_security_group.cluster",
            "module.eks.module.eks.aws_security_group.workers",
            "module.eks.module.eks.aws_security_group_rule.cluster_egress_internet",
            "module.eks.module.eks.aws_security_group_rule.cluster_https_worker_ingress",
            "module.eks.module.eks.data.aws_iam_policy_document.cluster_assume_role_policy",
            "module.eks.module.eks.data.aws_iam_policy_document.workers_assume_role_policy",
            "module.eks.module.eks.data.aws_iam_role.custom_cluster_iam_role",
            "module.eks.module.eks.data.aws_partition.current",
            "module.networking.aws_subnet.private_subnet",
            "module.networking.aws_vpc.vpc"
          ],
          "create_before_destroy": true
        }
      ]
    },
    {
      "module": "module.eks.module.eks",
      "mode": "managed",
      "type": "aws_iam_policy",
      "name": "cluster_elb_sl_role_creation",
      "provider": "provider[\"registry.terraform.io/hashicorp/aws\"]",
      "instances": [
        {
          "index_key": 0,
          "schema_version": 0,
          "attributes": {
            "arn": "arn:aws:iam::524463040284:policy/airflow-eks-data-bootcamp-elb-sl-role-creation20211025002959343500000002",
            "description": "Permissions for EKS to create AWSServiceRoleForElasticLoadBalancing service-linked role",
            "id": "arn:aws:iam::524463040284:policy/airflow-eks-data-bootcamp-elb-sl-role-creation20211025002959343500000002",
            "name": "airflow-eks-data-bootcamp-elb-sl-role-creation20211025002959343500000002",
            "name_prefix": "airflow-eks-data-bootcamp-elb-sl-role-creation",
            "path": "/",
            "policy": "{\n  \"Version\": \"2012-10-17\",\n  \"Statement\": [\n    {\n      \"Sid\": \"\",\n      \"Effect\": \"Allow\",\n      \"Action\": [\n        \"ec2:DescribeInternetGateways\",\n        \"ec2:DescribeAddresses\",\n        \"ec2:DescribeAccountAttributes\"\n      ],\n      \"Resource\": \"*\"\n    }\n  ]\n}",
            "policy_id": "ANPAXUHDO44OE6P22G7UA",
            "tags": {
              "Environment": "data-bootcamp",
              "GithubOrg": "terraform-aws-modules",
              "GithubRepo": "terraform-aws-eks"
            },
            "tags_all": {
              "Environment": "data-bootcamp",
              "GithubOrg": "terraform-aws-modules",
              "GithubRepo": "terraform-aws-eks"
            }
          },
          "sensitive_attributes": [],
          "private": "bnVsbA==",
          "dependencies": [
            "module.eks.module.eks.data.aws_iam_policy_document.cluster_elb_sl_role_creation"
          ]
        }
      ]
    },
    {
      "module": "module.eks.module.eks",
      "mode": "managed",
      "type": "aws_iam_role",
      "name": "cluster",
      "provider": "provider[\"registry.terraform.io/hashicorp/aws\"]",
      "instances": [
        {
          "index_key": 0,
          "schema_version": 0,
          "attributes": {
            "arn": "arn:aws:iam::524463040284:role/airflow-eks-data-bootcamp20211025002959343700000003",
            "assume_role_policy": "{\"Version\":\"2012-10-17\",\"Statement\":[{\"Sid\":\"EKSClusterAssumeRole\",\"Effect\":\"Allow\",\"Principal\":{\"Service\":\"eks.amazonaws.com\"},\"Action\":\"sts:AssumeRole\"}]}",
            "create_date": "2021-10-25T00:29:59Z",
            "description": "",
            "force_detach_policies": true,
            "id": "airflow-eks-data-bootcamp20211025002959343700000003",
            "inline_policy": [
              {
                "name": "",
                "policy": ""
              }
            ],
            "managed_policy_arns": [],
            "max_session_duration": 3600,
            "name": "airflow-eks-data-bootcamp20211025002959343700000003",
            "name_prefix": "airflow-eks-data-bootcamp",
            "path": "/",
            "permissions_boundary": null,
            "tags": {
              "Environment": "data-bootcamp",
              "GithubOrg": "terraform-aws-modules",
              "GithubRepo": "terraform-aws-eks"
            },
            "tags_all": {
              "Environment": "data-bootcamp",
              "GithubOrg": "terraform-aws-modules",
              "GithubRepo": "terraform-aws-eks"
            },
            "unique_id": "AROAXUHDO44OPI3CWO7D3"
          },
          "sensitive_attributes": [],
          "private": "bnVsbA==",
          "dependencies": [
            "module.eks.module.eks.data.aws_iam_policy_document.cluster_assume_role_policy"
          ],
          "create_before_destroy": true
        }
      ]
    },
    {
      "module": "module.eks.module.eks",
      "mode": "managed",
      "type": "aws_iam_role",
      "name": "workers",
      "provider": "provider[\"registry.terraform.io/hashicorp/aws\"]",
      "instances": [
        {
          "index_key": 0,
          "schema_version": 0,
          "attributes": {
            "arn": "arn:aws:iam::524463040284:role/airflow-eks-data-bootcamp2021102500393819490000000e",
            "assume_role_policy": "{\"Version\":\"2012-10-17\",\"Statement\":[{\"Sid\":\"EKSWorkerAssumeRole\",\"Effect\":\"Allow\",\"Principal\":{\"Service\":\"ec2.amazonaws.com\"},\"Action\":\"sts:AssumeRole\"}]}",
            "create_date": "2021-10-25T00:39:38Z",
            "description": "",
            "force_detach_policies": true,
            "id": "airflow-eks-data-bootcamp2021102500393819490000000e",
            "inline_policy": [
              {
                "name": "",
                "policy": ""
              }
            ],
            "managed_policy_arns": [],
            "max_session_duration": 3600,
            "name": "airflow-eks-data-bootcamp2021102500393819490000000e",
            "name_prefix": "airflow-eks-data-bootcamp",
            "path": "/",
            "permissions_boundary": null,
            "tags": {
              "Environment": "data-bootcamp",
              "GithubOrg": "terraform-aws-modules",
              "GithubRepo": "terraform-aws-eks"
            },
            "tags_all": {
              "Environment": "data-bootcamp",
              "GithubOrg": "terraform-aws-modules",
              "GithubRepo": "terraform-aws-eks"
            },
            "unique_id": "AROAXUHDO44OERQJQD2M2"
          },
          "sensitive_attributes": [],
          "private": "bnVsbA==",
          "dependencies": [
            "module.eks.module.eks.aws_cloudwatch_log_group.this",
            "module.eks.module.eks.aws_eks_cluster.this",
            "module.eks.module.eks.aws_iam_role.cluster",
            "module.eks.module.eks.aws_iam_role_policy_attachment.cluster_AmazonEKSClusterPolicy",
            "module.eks.module.eks.aws_iam_role_policy_attachment.cluster_AmazonEKSServicePolicy",
            "module.eks.module.eks.aws_iam_role_policy_attachment.cluster_AmazonEKSVPCResourceControllerPolicy",
            "module.eks.module.eks.aws_security_group.cluster",
            "module.eks.module.eks.aws_security_group.workers",
            "module.eks.module.eks.aws_security_group_rule.cluster_egress_internet",
            "module.eks.module.eks.aws_security_group_rule.cluster_https_worker_ingress",
            "module.eks.module.eks.data.aws_iam_policy_document.cluster_assume_role_policy",
            "module.eks.module.eks.data.aws_iam_policy_document.workers_assume_role_policy",
            "module.eks.module.eks.data.aws_iam_role.custom_cluster_iam_role",
            "module.eks.module.eks.data.aws_partition.current",
            "module.networking.aws_subnet.private_subnet",
            "module.networking.aws_vpc.vpc"
          ],
          "create_before_destroy": true
        }
      ]
    },
    {
      "module": "module.eks.module.eks",
      "mode": "managed",
      "type": "aws_iam_role_policy_attachment",
      "name": "cluster_AmazonEKSClusterPolicy",
      "provider": "provider[\"registry.terraform.io/hashicorp/aws\"]",
      "instances": [
        {
          "index_key": 0,
          "schema_version": 0,
          "attributes": {
            "id": "airflow-eks-data-bootcamp20211025002959343700000003-20211025003001485800000007",
            "policy_arn": "arn:aws:iam::aws:policy/AmazonEKSClusterPolicy",
            "role": "airflow-eks-data-bootcamp20211025002959343700000003"
          },
          "sensitive_attributes": [],
          "private": "bnVsbA==",
          "dependencies": [
            "module.eks.module.eks.aws_iam_role.cluster",
            "module.eks.module.eks.data.aws_iam_policy_document.cluster_assume_role_policy",
            "module.eks.module.eks.data.aws_partition.current"
          ],
          "create_before_destroy": true
        }
      ]
    },
    {
      "module": "module.eks.module.eks",
      "mode": "managed",
      "type": "aws_iam_role_policy_attachment",
      "name": "cluster_AmazonEKSServicePolicy",
      "provider": "provider[\"registry.terraform.io/hashicorp/aws\"]",
      "instances": [
        {
          "index_key": 0,
          "schema_version": 0,
          "attributes": {
            "id": "airflow-eks-data-bootcamp20211025002959343700000003-20211025003001484900000005",
            "policy_arn": "arn:aws:iam::aws:policy/AmazonEKSServicePolicy",
            "role": "airflow-eks-data-bootcamp20211025002959343700000003"
          },
          "sensitive_attributes": [],
          "private": "bnVsbA==",
          "dependencies": [
            "module.eks.module.eks.aws_iam_role.cluster",
            "module.eks.module.eks.data.aws_iam_policy_document.cluster_assume_role_policy",
            "module.eks.module.eks.data.aws_partition.current"
          ],
          "create_before_destroy": true
        }
      ]
    },
    {
      "module": "module.eks.module.eks",
      "mode": "managed",
      "type": "aws_iam_role_policy_attachment",
      "name": "cluster_AmazonEKSVPCResourceControllerPolicy",
      "provider": "provider[\"registry.terraform.io/hashicorp/aws\"]",
      "instances": [
        {
          "index_key": 0,
          "schema_version": 0,
          "attributes": {
            "id": "airflow-eks-data-bootcamp20211025002959343700000003-20211025003001485500000006",
            "policy_arn": "arn:aws:iam::aws:policy/AmazonEKSVPCResourceController",
            "role": "airflow-eks-data-bootcamp20211025002959343700000003"
          },
          "sensitive_attributes": [],
          "private": "bnVsbA==",
          "dependencies": [
            "module.eks.module.eks.aws_iam_role.cluster",
            "module.eks.module.eks.data.aws_iam_policy_document.cluster_assume_role_policy",
            "module.eks.module.eks.data.aws_partition.current"
          ],
          "create_before_destroy": true
        }
      ]
    },
    {
      "module": "module.eks.module.eks",
      "mode": "managed",
      "type": "aws_iam_role_policy_attachment",
      "name": "cluster_elb_sl_role_creation",
      "provider": "provider[\"registry.terraform.io/hashicorp/aws\"]",
      "instances": [
        {
          "index_key": 0,
          "schema_version": 0,
          "attributes": {
            "id": "airflow-eks-data-bootcamp20211025002959343700000003-20211025003001484800000004",
            "policy_arn": "arn:aws:iam::524463040284:policy/airflow-eks-data-bootcamp-elb-sl-role-creation20211025002959343500000002",
            "role": "airflow-eks-data-bootcamp20211025002959343700000003"
          },
          "sensitive_attributes": [],
          "private": "bnVsbA==",
          "dependencies": [
            "module.eks.module.eks.aws_iam_policy.cluster_elb_sl_role_creation",
            "module.eks.module.eks.aws_iam_role.cluster",
            "module.eks.module.eks.data.aws_iam_policy_document.cluster_assume_role_policy",
            "module.eks.module.eks.data.aws_iam_policy_document.cluster_elb_sl_role_creation"
          ]
        }
      ]
    },
    {
      "module": "module.eks.module.eks",
      "mode": "managed",
      "type": "aws_iam_role_policy_attachment",
      "name": "workers_AmazonEC2ContainerRegistryReadOnly",
      "provider": "provider[\"registry.terraform.io/hashicorp/aws\"]",
      "instances": [
        {
          "index_key": 0,
          "schema_version": 0,
          "attributes": {
            "id": "airflow-eks-data-bootcamp2021102500393819490000000e-20211025003940015900000012",
            "policy_arn": "arn:aws:iam::aws:policy/AmazonEC2ContainerRegistryReadOnly",
            "role": "airflow-eks-data-bootcamp2021102500393819490000000e"
          },
          "sensitive_attributes": [],
          "private": "bnVsbA==",
          "dependencies": [
            "module.eks.module.eks.aws_cloudwatch_log_group.this",
            "module.eks.module.eks.aws_eks_cluster.this",
            "module.eks.module.eks.aws_iam_role.cluster",
            "module.eks.module.eks.aws_iam_role.workers",
            "module.eks.module.eks.aws_iam_role_policy_attachment.cluster_AmazonEKSClusterPolicy",
            "module.eks.module.eks.aws_iam_role_policy_attachment.cluster_AmazonEKSServicePolicy",
            "module.eks.module.eks.aws_iam_role_policy_attachment.cluster_AmazonEKSVPCResourceControllerPolicy",
            "module.eks.module.eks.aws_security_group.cluster",
            "module.eks.module.eks.aws_security_group.workers",
            "module.eks.module.eks.aws_security_group_rule.cluster_egress_internet",
            "module.eks.module.eks.aws_security_group_rule.cluster_https_worker_ingress",
            "module.eks.module.eks.data.aws_iam_policy_document.cluster_assume_role_policy",
            "module.eks.module.eks.data.aws_iam_policy_document.workers_assume_role_policy",
            "module.eks.module.eks.data.aws_iam_role.custom_cluster_iam_role",
            "module.eks.module.eks.data.aws_partition.current",
            "module.networking.aws_subnet.private_subnet",
            "module.networking.aws_vpc.vpc"
          ],
          "create_before_destroy": true
        }
      ]
    },
    {
      "module": "module.eks.module.eks",
      "mode": "managed",
      "type": "aws_iam_role_policy_attachment",
      "name": "workers_AmazonEKSWorkerNodePolicy",
      "provider": "provider[\"registry.terraform.io/hashicorp/aws\"]",
      "instances": [
        {
          "index_key": 0,
          "schema_version": 0,
          "attributes": {
            "id": "airflow-eks-data-bootcamp2021102500393819490000000e-20211025003940011700000011",
            "policy_arn": "arn:aws:iam::aws:policy/AmazonEKSWorkerNodePolicy",
            "role": "airflow-eks-data-bootcamp2021102500393819490000000e"
          },
          "sensitive_attributes": [],
          "private": "bnVsbA==",
          "dependencies": [
            "module.eks.module.eks.aws_cloudwatch_log_group.this",
            "module.eks.module.eks.aws_eks_cluster.this",
            "module.eks.module.eks.aws_iam_role.cluster",
            "module.eks.module.eks.aws_iam_role.workers",
            "module.eks.module.eks.aws_iam_role_policy_attachment.cluster_AmazonEKSClusterPolicy",
            "module.eks.module.eks.aws_iam_role_policy_attachment.cluster_AmazonEKSServicePolicy",
            "module.eks.module.eks.aws_iam_role_policy_attachment.cluster_AmazonEKSVPCResourceControllerPolicy",
            "module.eks.module.eks.aws_security_group.cluster",
            "module.eks.module.eks.aws_security_group.workers",
            "module.eks.module.eks.aws_security_group_rule.cluster_egress_internet",
            "module.eks.module.eks.aws_security_group_rule.cluster_https_worker_ingress",
            "module.eks.module.eks.data.aws_iam_policy_document.cluster_assume_role_policy",
            "module.eks.module.eks.data.aws_iam_policy_document.workers_assume_role_policy",
            "module.eks.module.eks.data.aws_iam_role.custom_cluster_iam_role",
            "module.eks.module.eks.data.aws_partition.current",
            "module.networking.aws_subnet.private_subnet",
            "module.networking.aws_vpc.vpc"
          ],
          "create_before_destroy": true
        }
      ]
    },
    {
      "module": "module.eks.module.eks",
      "mode": "managed",
      "type": "aws_iam_role_policy_attachment",
      "name": "workers_AmazonEKS_CNI_Policy",
      "provider": "provider[\"registry.terraform.io/hashicorp/aws\"]",
      "instances": [
        {
          "index_key": 0,
          "schema_version": 0,
          "attributes": {
            "id": "airflow-eks-data-bootcamp2021102500393819490000000e-20211025003940074100000013",
            "policy_arn": "arn:aws:iam::aws:policy/AmazonEKS_CNI_Policy",
            "role": "airflow-eks-data-bootcamp2021102500393819490000000e"
          },
          "sensitive_attributes": [],
          "private": "bnVsbA==",
          "dependencies": [
            "module.eks.module.eks.aws_cloudwatch_log_group.this",
            "module.eks.module.eks.aws_eks_cluster.this",
            "module.eks.module.eks.aws_iam_role.cluster",
            "module.eks.module.eks.aws_iam_role.workers",
            "module.eks.module.eks.aws_iam_role_policy_attachment.cluster_AmazonEKSClusterPolicy",
            "module.eks.module.eks.aws_iam_role_policy_attachment.cluster_AmazonEKSServicePolicy",
            "module.eks.module.eks.aws_iam_role_policy_attachment.cluster_AmazonEKSVPCResourceControllerPolicy",
            "module.eks.module.eks.aws_security_group.cluster",
            "module.eks.module.eks.aws_security_group.workers",
            "module.eks.module.eks.aws_security_group_rule.cluster_egress_internet",
            "module.eks.module.eks.aws_security_group_rule.cluster_https_worker_ingress",
            "module.eks.module.eks.data.aws_iam_policy_document.cluster_assume_role_policy",
            "module.eks.module.eks.data.aws_iam_policy_document.workers_assume_role_policy",
            "module.eks.module.eks.data.aws_iam_role.custom_cluster_iam_role",
            "module.eks.module.eks.data.aws_partition.current",
            "module.networking.aws_subnet.private_subnet",
            "module.networking.aws_vpc.vpc"
          ],
          "create_before_destroy": true
        }
      ]
    },
    {
      "module": "module.eks.module.eks",
      "mode": "managed",
      "type": "aws_launch_configuration",
      "name": "workers",
      "provider": "provider[\"registry.terraform.io/hashicorp/aws\"]",
      "instances": [
        {
          "index_key": 0,
          "schema_version": 0,
          "attributes": {
            "arn": "arn:aws:autoscaling:us-east-2:524463040284:launchConfiguration:d83ec729-fc3f-413f-a629-f61eb511ff3e:launchConfigurationName/airflow-eks-data-bootcamp-worker-group-120211025003940955000000015",
            "associate_public_ip_address": false,
            "ebs_block_device": [],
            "ebs_optimized": false,
            "enable_monitoring": true,
            "ephemeral_block_device": [],
            "iam_instance_profile": "airflow-eks-data-bootcamp2021102500393959310000000f",
            "id": "airflow-eks-data-bootcamp-worker-group-120211025003940955000000015",
            "image_id": "ami-0abbd217a24c16672",
            "instance_type": "t2.small",
            "key_name": "",
            "metadata_options": [
              {
                "http_endpoint": "enabled",
                "http_put_response_hop_limit": 1,
                "http_tokens": "optional"
              }
            ],
            "name": "airflow-eks-data-bootcamp-worker-group-120211025003940955000000015",
            "name_prefix": "airflow-eks-data-bootcamp-worker-group-1",
            "placement_tenancy": "",
            "root_block_device": [
              {
                "delete_on_termination": true,
                "encrypted": false,
                "iops": 0,
                "throughput": 0,
                "volume_size": 100,
                "volume_type": "gp2"
              }
            ],
            "security_groups": [
              "sg-09914522d53dca14f",
              "sg-0a6fb9f8d04a2ff64"
            ],
            "spot_price": "",
            "user_data": null,
            "user_data_base64": "IyEvYmluL2Jhc2ggLWUKCiMgQWxsb3cgdXNlciBzdXBwbGllZCBwcmUgdXNlcmRhdGEgY29kZQoKCiMgQm9vdHN0cmFwIGFuZCBqb2luIHRoZSBjbHVzdGVyCi9ldGMvZWtzL2Jvb3RzdHJhcC5zaCAtLWI2NC1jbHVzdGVyLWNhICdMUzB0TFMxQ1JVZEpUaUJEUlZKVVNVWkpRMEZVUlMwdExTMHRDazFKU1VNMWVrTkRRV01yWjBGM1NVSkJaMGxDUVVSQlRrSm5hM0ZvYTJsSE9YY3dRa0ZSYzBaQlJFRldUVkpOZDBWUldVUldVVkZFUlhkd2NtUlhTbXdLWTIwMWJHUkhWbnBOUWpSWVJGUkplRTFVUVhsT1ZFRjNUWHBaZUUxR2IxaEVWRTE0VFZSQmVVMTZRWGROZWxsNFRVWnZkMFpVUlZSTlFrVkhRVEZWUlFwQmVFMUxZVE5XYVZwWVNuVmFXRkpzWTNwRFEwRlRTWGRFVVZsS1MyOWFTV2gyWTA1QlVVVkNRbEZCUkdkblJWQkJSRU5EUVZGdlEyZG5SVUpCVERZekNrSkpja3hPTmtWaUsyZG1kbFp6ZWxKV05GVlNTbWN5YzNsc1pFdG1WR1Z6UmpSdlIyaFFaMEkyVlhWVVZFZEtWMHR6Y1RkNU1qZDBSRE1yYTJ0QlFsTUtOalpVV2tkQ1oyVkRTMk5uTjNCWlNVOWpXRkZKVFVsblUzcERNbGxDVkROT0t6aFNlREZGTjFsQmJVRXZNWGh5VUdGS1FWbHZWRXRZYUhWb1RHaHZkZ3A2VUZWWGQwZHBVREY0WldOSWRYSmlkelpaYm5wYVMwMHZLMm8wWWxocVNuSmliRU53WVZCMFlUVXlXazg0WnpSTlprMXFSRXRGUlZrMVRVaFlibEJKQ21ka1lrNXRhR1U1T1UxRU9FcFhjMUp3VjJoQmRWaGpWRzlYT1VKcVRtY3hhRmdyVGtoMVpuWk1UMVJvZWxKRlkwVmlRVzgyV1dwMVlWVTFZMDlKWVRNS09VaHdZMDVtY0ZObGRUQmtTVlUxTmpaclMyaDNabkJHTVdoVUwwUkJiSFJKTHpZNGNVOXBNV0ZxYUc1MmVsQldVamRWVEV4R1FXOHdSV0pFVUhGSFNBcHpla00yVEhGcFEzUkdWVTFSTlhrMFVGQTRRMEYzUlVGQllVNURUVVZCZDBSbldVUldVakJRUVZGSUwwSkJVVVJCWjB0clRVRTRSMEV4VldSRmQwVkNDaTkzVVVaTlFVMUNRV1k0ZDBoUldVUldVakJQUWtKWlJVWkdRbGQwUW5SQmRUaFNhVWxzY1ZCaE1YSXpSRFJUSzI1cGVqaE5RVEJIUTFOeFIxTkpZak1LUkZGRlFrTjNWVUZCTkVsQ1FWRkJNV0ZYYzI1dWRITmpjRlZaYmpoRE1YcHNiR3AyVDFwb1JuUXZjVlpIVkdVM09UQjRWVkJxVkhReE9WbFpPWGxNY2dwc1JqVjJiVXRqY2pkNGRUTXZOVWxvWVd3eEszVk9NVGMzVld0UWFuQjZORVo0SzNZMGFqZGFWemRvTmxoUmFXdEdMeXQxT0cxSmRXSlpLMGxHVlZKeENrbHliVWRpYWxsQlVrczNTVzVtUkhwNWEwY3JUWFY2VjFCeE1uTnVTVzFsZUZkcFdtUlJlR1JpZUdGWWMwaHRTV1ZNSzNGdGRITlllbTVhTDJrclNXUUtVblp5ZEdreE1VOHlZbTE0ZUc1MU5WQm5UMWhYVkhWNGVEQmhTMWNyWjNaNlkybDBOVFZTYkdKNlUxVmFValZNUVc5cWIzRkNZVnBOTnpKWmNVRkpiZ3A2TTI1aFYyMURWMnhIWVRobVNXdExVbTB3Y25OdFlreGhiRGRrZFVacVQyczNNSGRKYUZkbkwwNVdTV1JFZEdwSmRrTTBORWxWV21FclduVXJja05yQ2k5NGJEUlpVWFkxV2s1TU5tVTVReTlMWlhkMFVHaG5hMUp6Y1d0Nk5uUkxOelpVZUFvdExTMHRMVVZPUkNCRFJWSlVTVVpKUTBGVVJTMHRMUzB0Q2c9PScgLS1hcGlzZXJ2ZXItZW5kcG9pbnQgJ2h0dHBzOi8vOERFRTM0OUY1N0MyQ0U0NzhGQjAxMjg0NzMxODc4OTMuZ3I3LnVzLWVhc3QtMi5la3MuYW1hem9uYXdzLmNvbScgIC0ta3ViZWxldC1leHRyYS1hcmdzICIiICdhaXJmbG93LWVrcy1kYXRhLWJvb3RjYW1wJwoKIyBBbGxvdyB1c2VyIHN1cHBsaWVkIHVzZXJkYXRhIGNvZGUKZWNobyBmb28gYmFyCg==",
            "vpc_classic_link_id": "",
            "vpc_classic_link_security_groups": null
          },
          "sensitive_attributes": [],
          "private": "bnVsbA==",
          "dependencies": [
            "module.eks.aws_security_group.worker_group_mgmt_one",
            "module.eks.aws_security_group.worker_group_mgmt_two",
            "module.eks.module.eks.aws_cloudwatch_log_group.this",
            "module.eks.module.eks.aws_eks_cluster.this",
            "module.eks.module.eks.aws_iam_instance_profile.workers",
            "module.eks.module.eks.aws_iam_role.cluster",
            "module.eks.module.eks.aws_iam_role.workers",
            "module.eks.module.eks.aws_iam_role_policy_attachment.cluster_AmazonEKSClusterPolicy",
            "module.eks.module.eks.aws_iam_role_policy_attachment.cluster_AmazonEKSServicePolicy",
            "module.eks.module.eks.aws_iam_role_policy_attachment.cluster_AmazonEKSVPCResourceControllerPolicy",
            "module.eks.module.eks.aws_iam_role_policy_attachment.workers_AmazonEC2ContainerRegistryReadOnly",
            "module.eks.module.eks.aws_iam_role_policy_attachment.workers_AmazonEKSWorkerNodePolicy",
            "module.eks.module.eks.aws_iam_role_policy_attachment.workers_AmazonEKS_CNI_Policy",
            "module.eks.module.eks.aws_iam_role_policy_attachment.workers_additional_policies",
            "module.eks.module.eks.aws_security_group.cluster",
            "module.eks.module.eks.aws_security_group.workers",
            "module.eks.module.eks.aws_security_group_rule.cluster_egress_internet",
            "module.eks.module.eks.aws_security_group_rule.cluster_https_worker_ingress",
            "module.eks.module.eks.aws_security_group_rule.cluster_primary_ingress_workers",
            "module.eks.module.eks.aws_security_group_rule.workers_egress_internet",
            "module.eks.module.eks.aws_security_group_rule.workers_ingress_cluster",
            "module.eks.module.eks.aws_security_group_rule.workers_ingress_cluster_https",
            "module.eks.module.eks.aws_security_group_rule.workers_ingress_cluster_kubelet",
            "module.eks.module.eks.aws_security_group_rule.workers_ingress_cluster_primary",
            "module.eks.module.eks.aws_security_group_rule.workers_ingress_self",
            "module.eks.module.eks.data.aws_ami.eks_worker",
            "module.eks.module.eks.data.aws_ami.eks_worker_windows",
            "module.eks.module.eks.data.aws_iam_instance_profile.custom_worker_group_iam_instance_profile",
            "module.eks.module.eks.data.aws_iam_policy_document.cluster_assume_role_policy",
            "module.eks.module.eks.data.aws_iam_policy_document.workers_assume_role_policy",
            "module.eks.module.eks.data.aws_iam_role.custom_cluster_iam_role",
            "module.eks.module.eks.data.aws_partition.current",
            "module.networking.aws_subnet.private_subnet",
            "module.networking.aws_vpc.vpc"
          ],
          "create_before_destroy": true
        },
        {
          "index_key": 1,
          "schema_version": 0,
          "attributes": {
            "arn": "arn:aws:autoscaling:us-east-2:524463040284:launchConfiguration:98fb7605-7617-4119-bdf4-3de821dfb07f:launchConfigurationName/airflow-eks-data-bootcamp-worker-group-220211025003940951800000014",
            "associate_public_ip_address": false,
            "ebs_block_device": [],
            "ebs_optimized": false,
            "enable_monitoring": true,
            "ephemeral_block_device": [],
            "iam_instance_profile": "airflow-eks-data-bootcamp20211025003939593100000010",
            "id": "airflow-eks-data-bootcamp-worker-group-220211025003940951800000014",
            "image_id": "ami-0abbd217a24c16672",
            "instance_type": "t2.medium",
            "key_name": "",
            "metadata_options": [
              {
                "http_endpoint": "enabled",
                "http_put_response_hop_limit": 1,
                "http_tokens": "optional"
              }
            ],
            "name": "airflow-eks-data-bootcamp-worker-group-220211025003940951800000014",
            "name_prefix": "airflow-eks-data-bootcamp-worker-group-2",
            "placement_tenancy": "",
            "root_block_device": [
              {
                "delete_on_termination": true,
                "encrypted": false,
                "iops": 0,
                "throughput": 0,
                "volume_size": 100,
                "volume_type": "gp2"
              }
            ],
            "security_groups": [
              "sg-0a6fb9f8d04a2ff64",
              "sg-0f77cbcca79874478"
            ],
            "spot_price": "",
            "user_data": null,
            "user_data_base64": "IyEvYmluL2Jhc2ggLWUKCiMgQWxsb3cgdXNlciBzdXBwbGllZCBwcmUgdXNlcmRhdGEgY29kZQoKCiMgQm9vdHN0cmFwIGFuZCBqb2luIHRoZSBjbHVzdGVyCi9ldGMvZWtzL2Jvb3RzdHJhcC5zaCAtLWI2NC1jbHVzdGVyLWNhICdMUzB0TFMxQ1JVZEpUaUJEUlZKVVNVWkpRMEZVUlMwdExTMHRDazFKU1VNMWVrTkRRV01yWjBGM1NVSkJaMGxDUVVSQlRrSm5hM0ZvYTJsSE9YY3dRa0ZSYzBaQlJFRldUVkpOZDBWUldVUldVVkZFUlhkd2NtUlhTbXdLWTIwMWJHUkhWbnBOUWpSWVJGUkplRTFVUVhsT1ZFRjNUWHBaZUUxR2IxaEVWRTE0VFZSQmVVMTZRWGROZWxsNFRVWnZkMFpVUlZSTlFrVkhRVEZWUlFwQmVFMUxZVE5XYVZwWVNuVmFXRkpzWTNwRFEwRlRTWGRFVVZsS1MyOWFTV2gyWTA1QlVVVkNRbEZCUkdkblJWQkJSRU5EUVZGdlEyZG5SVUpCVERZekNrSkpja3hPTmtWaUsyZG1kbFp6ZWxKV05GVlNTbWN5YzNsc1pFdG1WR1Z6UmpSdlIyaFFaMEkyVlhWVVZFZEtWMHR6Y1RkNU1qZDBSRE1yYTJ0QlFsTUtOalpVV2tkQ1oyVkRTMk5uTjNCWlNVOWpXRkZKVFVsblUzcERNbGxDVkROT0t6aFNlREZGTjFsQmJVRXZNWGh5VUdGS1FWbHZWRXRZYUhWb1RHaHZkZ3A2VUZWWGQwZHBVREY0WldOSWRYSmlkelpaYm5wYVMwMHZLMm8wWWxocVNuSmliRU53WVZCMFlUVXlXazg0WnpSTlprMXFSRXRGUlZrMVRVaFlibEJKQ21ka1lrNXRhR1U1T1UxRU9FcFhjMUp3VjJoQmRWaGpWRzlYT1VKcVRtY3hhRmdyVGtoMVpuWk1UMVJvZWxKRlkwVmlRVzgyV1dwMVlWVTFZMDlKWVRNS09VaHdZMDVtY0ZObGRUQmtTVlUxTmpaclMyaDNabkJHTVdoVUwwUkJiSFJKTHpZNGNVOXBNV0ZxYUc1MmVsQldVamRWVEV4R1FXOHdSV0pFVUhGSFNBcHpla00yVEhGcFEzUkdWVTFSTlhrMFVGQTRRMEYzUlVGQllVNURUVVZCZDBSbldVUldVakJRUVZGSUwwSkJVVVJCWjB0clRVRTRSMEV4VldSRmQwVkNDaTkzVVVaTlFVMUNRV1k0ZDBoUldVUldVakJQUWtKWlJVWkdRbGQwUW5SQmRUaFNhVWxzY1ZCaE1YSXpSRFJUSzI1cGVqaE5RVEJIUTFOeFIxTkpZak1LUkZGRlFrTjNWVUZCTkVsQ1FWRkJNV0ZYYzI1dWRITmpjRlZaYmpoRE1YcHNiR3AyVDFwb1JuUXZjVlpIVkdVM09UQjRWVkJxVkhReE9WbFpPWGxNY2dwc1JqVjJiVXRqY2pkNGRUTXZOVWxvWVd3eEszVk9NVGMzVld0UWFuQjZORVo0SzNZMGFqZGFWemRvTmxoUmFXdEdMeXQxT0cxSmRXSlpLMGxHVlZKeENrbHliVWRpYWxsQlVrczNTVzVtUkhwNWEwY3JUWFY2VjFCeE1uTnVTVzFsZUZkcFdtUlJlR1JpZUdGWWMwaHRTV1ZNSzNGdGRITlllbTVhTDJrclNXUUtVblp5ZEdreE1VOHlZbTE0ZUc1MU5WQm5UMWhYVkhWNGVEQmhTMWNyWjNaNlkybDBOVFZTYkdKNlUxVmFValZNUVc5cWIzRkNZVnBOTnpKWmNVRkpiZ3A2TTI1aFYyMURWMnhIWVRobVNXdExVbTB3Y25OdFlreGhiRGRrZFVacVQyczNNSGRKYUZkbkwwNVdTV1JFZEdwSmRrTTBORWxWV21FclduVXJja05yQ2k5NGJEUlpVWFkxV2s1TU5tVTVReTlMWlhkMFVHaG5hMUp6Y1d0Nk5uUkxOelpVZUFvdExTMHRMVVZPUkNCRFJWSlVTVVpKUTBGVVJTMHRMUzB0Q2c9PScgLS1hcGlzZXJ2ZXItZW5kcG9pbnQgJ2h0dHBzOi8vOERFRTM0OUY1N0MyQ0U0NzhGQjAxMjg0NzMxODc4OTMuZ3I3LnVzLWVhc3QtMi5la3MuYW1hem9uYXdzLmNvbScgIC0ta3ViZWxldC1leHRyYS1hcmdzICIiICdhaXJmbG93LWVrcy1kYXRhLWJvb3RjYW1wJwoKIyBBbGxvdyB1c2VyIHN1cHBsaWVkIHVzZXJkYXRhIGNvZGUKZWNobyBmb28gYmFyCg==",
            "vpc_classic_link_id": "",
            "vpc_classic_link_security_groups": null
          },
          "sensitive_attributes": [],
          "private": "bnVsbA==",
          "dependencies": [
            "module.eks.aws_security_group.worker_group_mgmt_one",
            "module.eks.aws_security_group.worker_group_mgmt_two",
            "module.eks.module.eks.aws_cloudwatch_log_group.this",
            "module.eks.module.eks.aws_eks_cluster.this",
            "module.eks.module.eks.aws_iam_instance_profile.workers",
            "module.eks.module.eks.aws_iam_role.cluster",
            "module.eks.module.eks.aws_iam_role.workers",
            "module.eks.module.eks.aws_iam_role_policy_attachment.cluster_AmazonEKSClusterPolicy",
            "module.eks.module.eks.aws_iam_role_policy_attachment.cluster_AmazonEKSServicePolicy",
            "module.eks.module.eks.aws_iam_role_policy_attachment.cluster_AmazonEKSVPCResourceControllerPolicy",
            "module.eks.module.eks.aws_iam_role_policy_attachment.workers_AmazonEC2ContainerRegistryReadOnly",
            "module.eks.module.eks.aws_iam_role_policy_attachment.workers_AmazonEKSWorkerNodePolicy",
            "module.eks.module.eks.aws_iam_role_policy_attachment.workers_AmazonEKS_CNI_Policy",
            "module.eks.module.eks.aws_iam_role_policy_attachment.workers_additional_policies",
            "module.eks.module.eks.aws_security_group.cluster",
            "module.eks.module.eks.aws_security_group.workers",
            "module.eks.module.eks.aws_security_group_rule.cluster_egress_internet",
            "module.eks.module.eks.aws_security_group_rule.cluster_https_worker_ingress",
            "module.eks.module.eks.aws_security_group_rule.cluster_primary_ingress_workers",
            "module.eks.module.eks.aws_security_group_rule.workers_egress_internet",
            "module.eks.module.eks.aws_security_group_rule.workers_ingress_cluster",
            "module.eks.module.eks.aws_security_group_rule.workers_ingress_cluster_https",
            "module.eks.module.eks.aws_security_group_rule.workers_ingress_cluster_kubelet",
            "module.eks.module.eks.aws_security_group_rule.workers_ingress_cluster_primary",
            "module.eks.module.eks.aws_security_group_rule.workers_ingress_self",
            "module.eks.module.eks.data.aws_ami.eks_worker",
            "module.eks.module.eks.data.aws_ami.eks_worker_windows",
            "module.eks.module.eks.data.aws_iam_instance_profile.custom_worker_group_iam_instance_profile",
            "module.eks.module.eks.data.aws_iam_policy_document.cluster_assume_role_policy",
            "module.eks.module.eks.data.aws_iam_policy_document.workers_assume_role_policy",
            "module.eks.module.eks.data.aws_iam_role.custom_cluster_iam_role",
            "module.eks.module.eks.data.aws_partition.current",
            "module.networking.aws_subnet.private_subnet",
            "module.networking.aws_vpc.vpc"
          ],
          "create_before_destroy": true
        }
      ]
    },
    {
      "module": "module.eks.module.eks",
      "mode": "managed",
      "type": "aws_security_group",
      "name": "cluster",
      "provider": "provider[\"registry.terraform.io/hashicorp/aws\"]",
      "instances": [
        {
          "index_key": 0,
          "schema_version": 1,
          "attributes": {
            "arn": "arn:aws:ec2:us-east-2:524463040284:security-group/sg-08d813b93b2426475",
            "description": "EKS cluster security group.",
            "egress": [],
            "id": "sg-08d813b93b2426475",
            "ingress": [],
            "name": "airflow-eks-data-bootcamp2021102500301493460000000c",
            "name_prefix": "airflow-eks-data-bootcamp",
            "owner_id": "524463040284",
            "revoke_rules_on_delete": false,
            "tags": {
              "Environment": "data-bootcamp",
              "GithubOrg": "terraform-aws-modules",
              "GithubRepo": "terraform-aws-eks",
              "Name": "airflow-eks-data-bootcamp-eks_cluster_sg"
            },
            "tags_all": {
              "Environment": "data-bootcamp",
              "GithubOrg": "terraform-aws-modules",
              "GithubRepo": "terraform-aws-eks",
              "Name": "airflow-eks-data-bootcamp-eks_cluster_sg"
            },
            "timeouts": null,
            "vpc_id": "vpc-0900321d9b7cb4b45"
          },
          "sensitive_attributes": [],
          "private": "eyJlMmJmYjczMC1lY2FhLTExZTYtOGY4OC0zNDM2M2JjN2M0YzAiOnsiY3JlYXRlIjo2MDAwMDAwMDAwMDAsImRlbGV0ZSI6OTAwMDAwMDAwMDAwfSwic2NoZW1hX3ZlcnNpb24iOiIxIn0=",
          "dependencies": [
            "module.networking.aws_vpc.vpc"
          ],
          "create_before_destroy": true
        }
      ]
    },
    {
      "module": "module.eks.module.eks",
      "mode": "managed",
      "type": "aws_security_group",
      "name": "workers",
      "provider": "provider[\"registry.terraform.io/hashicorp/aws\"]",
      "instances": [
        {
          "index_key": 0,
          "schema_version": 1,
          "attributes": {
            "arn": "arn:aws:ec2:us-east-2:524463040284:security-group/sg-0a6fb9f8d04a2ff64",
            "description": "Security group for all nodes in the cluster.",
            "egress": [],
            "id": "sg-0a6fb9f8d04a2ff64",
            "ingress": [],
            "name": "airflow-eks-data-bootcamp2021102500301492870000000b",
            "name_prefix": "airflow-eks-data-bootcamp",
            "owner_id": "524463040284",
            "revoke_rules_on_delete": false,
            "tags": {
              "Environment": "data-bootcamp",
              "GithubOrg": "terraform-aws-modules",
              "GithubRepo": "terraform-aws-eks",
              "Name": "airflow-eks-data-bootcamp-eks_worker_sg",
              "kubernetes.io/cluster/airflow-eks-data-bootcamp": "owned"
            },
            "tags_all": {
              "Environment": "data-bootcamp",
              "GithubOrg": "terraform-aws-modules",
              "GithubRepo": "terraform-aws-eks",
              "Name": "airflow-eks-data-bootcamp-eks_worker_sg",
              "kubernetes.io/cluster/airflow-eks-data-bootcamp": "owned"
            },
            "timeouts": null,
            "vpc_id": "vpc-0900321d9b7cb4b45"
          },
          "sensitive_attributes": [],
          "private": "eyJlMmJmYjczMC1lY2FhLTExZTYtOGY4OC0zNDM2M2JjN2M0YzAiOnsiY3JlYXRlIjo2MDAwMDAwMDAwMDAsImRlbGV0ZSI6OTAwMDAwMDAwMDAwfSwic2NoZW1hX3ZlcnNpb24iOiIxIn0=",
          "dependencies": [
            "module.networking.aws_vpc.vpc"
          ],
          "create_before_destroy": true
        }
      ]
    },
    {
      "module": "module.eks.module.eks",
      "mode": "managed",
      "type": "aws_security_group_rule",
      "name": "cluster_egress_internet",
      "provider": "provider[\"registry.terraform.io/hashicorp/aws\"]",
      "instances": [
        {
          "index_key": 0,
          "schema_version": 2,
          "attributes": {
            "cidr_blocks": [
              "0.0.0.0/0"
            ],
            "description": "Allow cluster egress access to the Internet.",
            "from_port": 0,
            "id": "sgrule-4232893027",
            "ipv6_cidr_blocks": null,
            "prefix_list_ids": null,
            "protocol": "-1",
            "security_group_id": "sg-08d813b93b2426475",
            "self": false,
            "source_security_group_id": null,
            "to_port": 0,
            "type": "egress"
          },
          "sensitive_attributes": [],
          "private": "eyJzY2hlbWFfdmVyc2lvbiI6IjIifQ==",
          "dependencies": [
            "module.eks.module.eks.aws_security_group.cluster",
            "module.networking.aws_vpc.vpc"
          ],
          "create_before_destroy": true
        }
      ]
    },
    {
      "module": "module.eks.module.eks",
      "mode": "managed",
      "type": "aws_security_group_rule",
      "name": "cluster_https_worker_ingress",
      "provider": "provider[\"registry.terraform.io/hashicorp/aws\"]",
      "instances": [
        {
          "index_key": 0,
          "schema_version": 2,
          "attributes": {
            "cidr_blocks": null,
            "description": "Allow pods to communicate with the EKS cluster API.",
            "from_port": 443,
            "id": "sgrule-620250063",
            "ipv6_cidr_blocks": null,
            "prefix_list_ids": null,
            "protocol": "tcp",
            "security_group_id": "sg-08d813b93b2426475",
            "self": false,
            "source_security_group_id": "sg-0a6fb9f8d04a2ff64",
            "to_port": 443,
            "type": "ingress"
          },
          "sensitive_attributes": [],
          "private": "eyJzY2hlbWFfdmVyc2lvbiI6IjIifQ==",
          "dependencies": [
            "module.eks.module.eks.aws_security_group.cluster",
            "module.eks.module.eks.aws_security_group.workers",
            "module.networking.aws_vpc.vpc"
          ],
          "create_before_destroy": true
        }
      ]
    },
    {
      "module": "module.eks.module.eks",
      "mode": "managed",
      "type": "aws_security_group_rule",
      "name": "workers_egress_internet",
      "provider": "provider[\"registry.terraform.io/hashicorp/aws\"]",
      "instances": [
        {
          "index_key": 0,
          "schema_version": 2,
          "attributes": {
            "cidr_blocks": [
              "0.0.0.0/0"
            ],
            "description": "Allow nodes all egress to the Internet.",
            "from_port": 0,
            "id": "sgrule-1305950665",
            "ipv6_cidr_blocks": null,
            "prefix_list_ids": null,
            "protocol": "-1",
            "security_group_id": "sg-0a6fb9f8d04a2ff64",
            "self": false,
            "source_security_group_id": null,
            "to_port": 0,
            "type": "egress"
          },
          "sensitive_attributes": [],
          "private": "eyJzY2hlbWFfdmVyc2lvbiI6IjIifQ==",
          "dependencies": [
            "module.eks.module.eks.aws_security_group.workers",
            "module.networking.aws_vpc.vpc"
          ],
          "create_before_destroy": true
        }
      ]
    },
    {
      "module": "module.eks.module.eks",
      "mode": "managed",
      "type": "aws_security_group_rule",
      "name": "workers_ingress_cluster",
      "provider": "provider[\"registry.terraform.io/hashicorp/aws\"]",
      "instances": [
        {
          "index_key": 0,
          "schema_version": 2,
          "attributes": {
            "cidr_blocks": null,
            "description": "Allow workers pods to receive communication from the cluster control plane.",
            "from_port": 1025,
            "id": "sgrule-2580055160",
            "ipv6_cidr_blocks": null,
            "prefix_list_ids": null,
            "protocol": "tcp",
            "security_group_id": "sg-0a6fb9f8d04a2ff64",
            "self": false,
            "source_security_group_id": "sg-08d813b93b2426475",
            "to_port": 65535,
            "type": "ingress"
          },
          "sensitive_attributes": [],
          "private": "eyJzY2hlbWFfdmVyc2lvbiI6IjIifQ==",
          "dependencies": [
            "module.eks.module.eks.aws_security_group.cluster",
            "module.eks.module.eks.aws_security_group.workers",
            "module.networking.aws_vpc.vpc"
          ],
          "create_before_destroy": true
        }
      ]
    },
    {
      "module": "module.eks.module.eks",
      "mode": "managed",
      "type": "aws_security_group_rule",
      "name": "workers_ingress_cluster_https",
      "provider": "provider[\"registry.terraform.io/hashicorp/aws\"]",
      "instances": [
        {
          "index_key": 0,
          "schema_version": 2,
          "attributes": {
            "cidr_blocks": null,
            "description": "Allow pods running extension API servers on port 443 to receive communication from cluster control plane.",
            "from_port": 443,
            "id": "sgrule-3273061362",
            "ipv6_cidr_blocks": null,
            "prefix_list_ids": null,
            "protocol": "tcp",
            "security_group_id": "sg-0a6fb9f8d04a2ff64",
            "self": false,
            "source_security_group_id": "sg-08d813b93b2426475",
            "to_port": 443,
            "type": "ingress"
          },
          "sensitive_attributes": [],
          "private": "eyJzY2hlbWFfdmVyc2lvbiI6IjIifQ==",
          "dependencies": [
            "module.eks.module.eks.aws_security_group.cluster",
            "module.eks.module.eks.aws_security_group.workers",
            "module.networking.aws_vpc.vpc"
          ],
          "create_before_destroy": true
        }
      ]
    },
    {
      "module": "module.eks.module.eks",
      "mode": "managed",
      "type": "aws_security_group_rule",
      "name": "workers_ingress_self",
      "provider": "provider[\"registry.terraform.io/hashicorp/aws\"]",
      "instances": [
        {
          "index_key": 0,
          "schema_version": 2,
          "attributes": {
            "cidr_blocks": null,
            "description": "Allow node to communicate with each other.",
            "from_port": 0,
            "id": "sgrule-1738844519",
            "ipv6_cidr_blocks": null,
            "prefix_list_ids": null,
            "protocol": "-1",
            "security_group_id": "sg-0a6fb9f8d04a2ff64",
            "self": false,
            "source_security_group_id": "sg-0a6fb9f8d04a2ff64",
            "to_port": 65535,
            "type": "ingress"
          },
          "sensitive_attributes": [],
          "private": "eyJzY2hlbWFfdmVyc2lvbiI6IjIifQ==",
          "dependencies": [
            "module.eks.module.eks.aws_security_group.workers",
            "module.networking.aws_vpc.vpc"
          ],
          "create_before_destroy": true
        }
      ]
    },
    {
      "module": "module.eks.module.eks",
      "mode": "managed",
      "type": "kubernetes_config_map",
      "name": "aws_auth",
      "provider": "module.eks.provider[\"registry.terraform.io/hashicorp/kubernetes\"]",
      "instances": [
        {
          "index_key": 0,
          "schema_version": 0,
          "attributes": {
            "binary_data": null,
            "data": {
              "mapAccounts": "[]\n",
              "mapRoles": "- \"groups\":\n  - \"system:bootstrappers\"\n  - \"system:nodes\"\n  \"rolearn\": \"arn:aws:iam::524463040284:role/airflow-eks-data-bootcamp2021102500393819490000000e\"\n  \"username\": \"system:node:{{EC2PrivateDNSName}}\"\n",
              "mapUsers": "[]\n"
            },
            "id": "kube-system/aws-auth",
            "metadata": [
              {
                "annotations": null,
                "generate_name": "",
                "generation": 0,
                "labels": {
                  "app.kubernetes.io/managed-by": "Terraform",
                  "terraform.io/module": "terraform-aws-modules.eks.aws"
                },
                "name": "aws-auth",
                "namespace": "kube-system",
                "resource_version": "675",
                "uid": "ff51755d-5088-479d-943b-e42dbbd6e5c7"
              }
            ]
          },
          "sensitive_attributes": [],
          "private": "bnVsbA==",
          "dependencies": [
            "module.eks.aws_security_group.worker_group_mgmt_one",
            "module.eks.aws_security_group.worker_group_mgmt_two",
            "module.eks.data.aws_eks_cluster.cluster",
            "module.eks.data.aws_eks_cluster_auth.cluster",
            "module.eks.module.eks.aws_cloudwatch_log_group.this",
            "module.eks.module.eks.aws_eks_cluster.this",
            "module.eks.module.eks.aws_iam_instance_profile.workers",
            "module.eks.module.eks.aws_iam_instance_profile.workers_launch_template",
            "module.eks.module.eks.aws_iam_role.cluster",
            "module.eks.module.eks.aws_iam_role.workers",
            "module.eks.module.eks.aws_iam_role_policy_attachment.cluster_AmazonEKSClusterPolicy",
            "module.eks.module.eks.aws_iam_role_policy_attachment.cluster_AmazonEKSServicePolicy",
            "module.eks.module.eks.aws_iam_role_policy_attachment.cluster_AmazonEKSVPCResourceControllerPolicy",
            "module.eks.module.eks.aws_security_group.cluster",
            "module.eks.module.eks.aws_security_group.workers",
            "module.eks.module.eks.aws_security_group_rule.cluster_egress_internet",
            "module.eks.module.eks.aws_security_group_rule.cluster_https_worker_ingress",
            "module.eks.module.eks.aws_security_group_rule.cluster_private_access_cidrs_source",
            "module.eks.module.eks.aws_security_group_rule.cluster_private_access_sg_source",
            "module.eks.module.eks.data.aws_ami.eks_worker",
            "module.eks.module.eks.data.aws_ami.eks_worker_windows",
            "module.eks.module.eks.data.aws_caller_identity.current",
            "module.eks.module.eks.data.aws_iam_instance_profile.custom_worker_group_iam_instance_profile",
            "module.eks.module.eks.data.aws_iam_instance_profile.custom_worker_group_launch_template_iam_instance_profile",
            "module.eks.module.eks.data.aws_iam_policy_document.cluster_assume_role_policy",
            "module.eks.module.eks.data.aws_iam_policy_document.workers_assume_role_policy",
            "module.eks.module.eks.data.aws_iam_role.custom_cluster_iam_role",
            "module.eks.module.eks.data.aws_partition.current",
            "module.eks.module.eks.data.http.wait_for_cluster",
            "module.eks.module.eks.module.fargate.aws_iam_role.eks_fargate_pod",
            "module.eks.module.eks.module.fargate.data.aws_iam_role.custom_fargate_iam_role",
            "module.networking.aws_subnet.private_subnet",
            "module.networking.aws_vpc.vpc"
          ]
        }
      ]
    },
    {
      "module": "module.eks.module.eks",
      "mode": "managed",
      "type": "local_file",
      "name": "kubeconfig",
      "provider": "provider[\"registry.terraform.io/hashicorp/local\"]",
      "instances": [
        {
          "index_key": 0,
          "schema_version": 0,
          "attributes": {
            "content": "apiVersion: v1\npreferences: {}\nkind: Config\n\nclusters:\n- cluster:\n    server: https://8DEE349F57C2CE478FB0128473187893.gr7.us-east-2.eks.amazonaws.com\n    certificate-authority-data: LS0tLS1CRUdJTiBDRVJUSUZJQ0FURS0tLS0tCk1JSUM1ekNDQWMrZ0F3SUJBZ0lCQURBTkJna3Foa2lHOXcwQkFRc0ZBREFWTVJNd0VRWURWUVFERXdwcmRXSmwKY201bGRHVnpNQjRYRFRJeE1UQXlOVEF3TXpZeE1Gb1hEVE14TVRBeU16QXdNell4TUZvd0ZURVRNQkVHQTFVRQpBeE1LYTNWaVpYSnVaWFJsY3pDQ0FTSXdEUVlKS29aSWh2Y05BUUVCQlFBRGdnRVBBRENDQVFvQ2dnRUJBTDYzCkJJckxONkViK2dmdlZzelJWNFVSSmcyc3lsZEtmVGVzRjRvR2hQZ0I2VXVUVEdKV0tzcTd5Mjd0RDMra2tBQlMKNjZUWkdCZ2VDS2NnN3BZSU9jWFFJTUlnU3pDMllCVDNOKzhSeDFFN1lBbUEvMXhyUGFKQVlvVEtYaHVoTGhvdgp6UFVXd0dpUDF4ZWNIdXJidzZZbnpaS00vK2o0YlhqSnJibENwYVB0YTUyWk84ZzRNZk1qREtFRVk1TUhYblBJCmdkYk5taGU5OU1EOEpXc1JwV2hBdVhjVG9XOUJqTmcxaFgrTkh1ZnZMT1RoelJFY0ViQW82WWp1YVU1Y09JYTMKOUhwY05mcFNldTBkSVU1NjZrS2h3ZnBGMWhUL0RBbHRJLzY4cU9pMWFqaG52elBWUjdVTExGQW8wRWJEUHFHSApzekM2THFpQ3RGVU1RNXk0UFA4Q0F3RUFBYU5DTUVBd0RnWURWUjBQQVFIL0JBUURBZ0trTUE4R0ExVWRFd0VCCi93UUZNQU1CQWY4d0hRWURWUjBPQkJZRUZGQld0QnRBdThSaUlscVBhMXIzRDRTK25pejhNQTBHQ1NxR1NJYjMKRFFFQkN3VUFBNElCQVFBMWFXc25udHNjcFVZbjhDMXpsbGp2T1poRnQvcVZHVGU3OTB4VVBqVHQxOVlZOXlMcgpsRjV2bUtjcjd4dTMvNUloYWwxK3VOMTc3VWtQanB6NEZ4K3Y0ajdaVzdoNlhRaWtGLyt1OG1JdWJZK0lGVVJxCklybUdiallBUks3SW5mRHp5a0crTXV6V1BxMnNuSW1leFdpWmRReGRieGFYc0htSWVMK3FtdHNYem5aL2krSWQKUnZydGkxMU8yYm14eG51NVBnT1hXVHV4eDBhS1crZ3Z6Y2l0NTVSbGJ6U1VaUjVMQW9qb3FCYVpNNzJZcUFJbgp6M25hV21DV2xHYThmSWtLUm0wcnNtYkxhbDdkdUZqT2s3MHdJaFdnL05WSWREdGpJdkM0NElVWmErWnUrckNrCi94bDRZUXY1Wk5MNmU5Qy9LZXd0UGhna1JzcWt6NnRLNzZUeAotLS0tLUVORCBDRVJUSUZJQ0FURS0tLS0tCg==\n  name: eks_airflow-eks-data-bootcamp\n\ncontexts:\n- context:\n    cluster: eks_airflow-eks-data-bootcamp\n    user: eks_airflow-eks-data-bootcamp\n  name: eks_airflow-eks-data-bootcamp\n\ncurrent-context: eks_airflow-eks-data-bootcamp\n\nusers:\n- name: eks_airflow-eks-data-bootcamp\n  user:\n    exec:\n      apiVersion: client.authentication.k8s.io/v1alpha1\n      command: aws-iam-authenticator\n      args:\n        - \"token\"\n        - \"-i\"\n        - \"airflow-eks-data-bootcamp\"\n",
            "content_base64": null,
            "directory_permission": "0755",
            "file_permission": "0600",
            "filename": "./kubeconfig_airflow-eks-data-bootcamp",
            "id": "1ff16ef49f6ca1b9c074f33873701030c73a50cd",
            "sensitive_content": null,
            "source": null
          },
          "sensitive_attributes": [],
          "private": "bnVsbA==",
          "dependencies": [
            "module.eks.module.eks.aws_cloudwatch_log_group.this",
            "module.eks.module.eks.aws_eks_cluster.this",
            "module.eks.module.eks.aws_iam_role.cluster",
            "module.eks.module.eks.aws_iam_role_policy_attachment.cluster_AmazonEKSClusterPolicy",
            "module.eks.module.eks.aws_iam_role_policy_attachment.cluster_AmazonEKSServicePolicy",
            "module.eks.module.eks.aws_iam_role_policy_attachment.cluster_AmazonEKSVPCResourceControllerPolicy",
            "module.eks.module.eks.aws_security_group.cluster",
            "module.eks.module.eks.aws_security_group.workers",
            "module.eks.module.eks.aws_security_group_rule.cluster_egress_internet",
            "module.eks.module.eks.aws_security_group_rule.cluster_https_worker_ingress",
            "module.eks.module.eks.data.aws_iam_policy_document.cluster_assume_role_policy",
            "module.eks.module.eks.data.aws_iam_role.custom_cluster_iam_role",
            "module.eks.module.eks.data.aws_partition.current",
            "module.networking.aws_subnet.private_subnet",
            "module.networking.aws_vpc.vpc"
          ]
        }
      ]
    },
    {
      "module": "module.eks.module.eks.module.fargate",
      "mode": "data",
      "type": "aws_partition",
      "name": "current",
      "provider": "provider[\"registry.terraform.io/hashicorp/aws\"]",
      "instances": [
        {
          "schema_version": 0,
          "attributes": {
            "dns_suffix": "amazonaws.com",
            "id": "aws",
            "partition": "aws",
            "reverse_dns_prefix": "com.amazonaws"
          },
          "sensitive_attributes": []
        }
      ]
    },
    {
      "module": "module.networking",
      "mode": "managed",
      "type": "aws_eip",
      "name": "nat_eip",
      "provider": "provider[\"registry.terraform.io/hashicorp/aws\"]",
      "instances": [
        {
          "schema_version": 0,
          "attributes": {
            "address": null,
            "allocation_id": null,
            "associate_with_private_ip": null,
            "association_id": "",
            "carrier_ip": "",
            "customer_owned_ip": "",
            "customer_owned_ipv4_pool": "",
            "domain": "vpc",
            "id": "eipalloc-0a0503b7ad255f934",
            "instance": "",
            "network_border_group": "us-east-2",
            "network_interface": "",
            "private_dns": null,
            "private_ip": "",
            "public_dns": "ec2-18-116-79-26.us-east-2.compute.amazonaws.com",
            "public_ip": "18.116.79.26",
            "public_ipv4_pool": "amazon",
            "tags": null,
            "tags_all": {},
            "timeouts": null,
            "vpc": true
          },
          "sensitive_attributes": [],
          "private": "eyJlMmJmYjczMC1lY2FhLTExZTYtOGY4OC0zNDM2M2JjN2M0YzAiOnsiZGVsZXRlIjoxODAwMDAwMDAwMDAsInJlYWQiOjkwMDAwMDAwMDAwMCwidXBkYXRlIjozMDAwMDAwMDAwMDB9fQ==",
          "dependencies": [
            "module.networking.aws_internet_gateway.igw",
            "module.networking.aws_vpc.vpc"
          ]
        }
      ]
    },
    {
      "module": "module.networking",
      "mode": "managed",
      "type": "aws_internet_gateway",
      "name": "igw",
      "provider": "provider[\"registry.terraform.io/hashicorp/aws\"]",
      "instances": [
        {
          "schema_version": 0,
          "attributes": {
            "arn": "arn:aws:ec2:us-east-2:524463040284:internet-gateway/igw-050975f91dcc25108",
            "id": "igw-050975f91dcc25108",
            "owner_id": "524463040284",
            "tags": {
              "Name": "igw"
            },
            "tags_all": {
              "Name": "igw"
            },
            "vpc_id": "vpc-0900321d9b7cb4b45"
          },
          "sensitive_attributes": [],
          "private": "bnVsbA==",
          "dependencies": [
            "module.networking.aws_vpc.vpc"
          ]
        }
      ]
    },
    {
      "module": "module.networking",
      "mode": "managed",
      "type": "aws_nat_gateway",
      "name": "nat",
      "provider": "provider[\"registry.terraform.io/hashicorp/aws\"]",
      "instances": [
        {
          "schema_version": 0,
          "attributes": {
            "allocation_id": "eipalloc-0a0503b7ad255f934",
            "connectivity_type": "public",
            "id": "nat-00b80cfb8b3abb458",
            "network_interface_id": "eni-0152450fddae05f20",
            "private_ip": "10.0.0.107",
            "public_ip": "18.116.79.26",
            "subnet_id": "subnet-0472465fd7d0342c1",
            "tags": {
              "Name": "nat"
            },
            "tags_all": {
              "Name": "nat"
            }
          },
          "sensitive_attributes": [],
          "private": "bnVsbA==",
          "dependencies": [
            "module.networking.aws_eip.nat_eip",
            "module.networking.aws_internet_gateway.igw",
            "module.networking.aws_subnet.public_subnet",
            "module.networking.aws_vpc.vpc"
          ]
        }
      ]
    },
    {
      "module": "module.networking",
      "mode": "managed",
      "type": "aws_route",
      "name": "private_nat_gateway",
      "provider": "provider[\"registry.terraform.io/hashicorp/aws\"]",
      "instances": [
        {
          "schema_version": 0,
          "attributes": {
            "carrier_gateway_id": "",
            "destination_cidr_block": "0.0.0.0/0",
            "destination_ipv6_cidr_block": "",
            "destination_prefix_list_id": "",
            "egress_only_gateway_id": "",
            "gateway_id": "",
            "id": "r-rtb-0c02c54ef0cc0020c1080289494",
            "instance_id": "",
            "instance_owner_id": "",
            "local_gateway_id": "",
            "nat_gateway_id": "nat-00b80cfb8b3abb458",
            "network_interface_id": "",
            "origin": "CreateRoute",
            "route_table_id": "rtb-0c02c54ef0cc0020c",
            "state": "active",
            "timeouts": null,
            "transit_gateway_id": "",
            "vpc_endpoint_id": "",
            "vpc_peering_connection_id": ""
          },
          "sensitive_attributes": [],
          "private": "eyJlMmJmYjczMC1lY2FhLTExZTYtOGY4OC0zNDM2M2JjN2M0YzAiOnsiY3JlYXRlIjoxMjAwMDAwMDAwMDAsImRlbGV0ZSI6MzAwMDAwMDAwMDAwfX0=",
          "dependencies": [
            "module.networking.aws_eip.nat_eip",
            "module.networking.aws_internet_gateway.igw",
            "module.networking.aws_nat_gateway.nat",
            "module.networking.aws_route_table.private",
            "module.networking.aws_subnet.public_subnet",
            "module.networking.aws_vpc.vpc"
          ]
        }
      ]
    },
    {
      "module": "module.networking",
      "mode": "managed",
      "type": "aws_route",
      "name": "public_internet_gateway",
      "provider": "provider[\"registry.terraform.io/hashicorp/aws\"]",
      "instances": [
        {
          "schema_version": 0,
          "attributes": {
            "carrier_gateway_id": "",
            "destination_cidr_block": "0.0.0.0/0",
            "destination_ipv6_cidr_block": "",
            "destination_prefix_list_id": "",
            "egress_only_gateway_id": "",
            "gateway_id": "igw-050975f91dcc25108",
            "id": "r-rtb-0f1a82bc4b4f3e79d1080289494",
            "instance_id": "",
            "instance_owner_id": "",
            "local_gateway_id": "",
            "nat_gateway_id": "",
            "network_interface_id": "",
            "origin": "CreateRoute",
            "route_table_id": "rtb-0f1a82bc4b4f3e79d",
            "state": "active",
            "timeouts": null,
            "transit_gateway_id": "",
            "vpc_endpoint_id": "",
            "vpc_peering_connection_id": ""
          },
          "sensitive_attributes": [],
          "private": "eyJlMmJmYjczMC1lY2FhLTExZTYtOGY4OC0zNDM2M2JjN2M0YzAiOnsiY3JlYXRlIjoxMjAwMDAwMDAwMDAsImRlbGV0ZSI6MzAwMDAwMDAwMDAwfX0=",
          "dependencies": [
            "module.networking.aws_internet_gateway.igw",
            "module.networking.aws_route_table.public",
            "module.networking.aws_vpc.vpc"
          ]
        }
      ]
    },
    {
      "module": "module.networking",
      "mode": "managed",
      "type": "aws_route_table",
      "name": "private",
      "provider": "provider[\"registry.terraform.io/hashicorp/aws\"]",
      "instances": [
        {
          "schema_version": 0,
          "attributes": {
            "arn": "arn:aws:ec2:us-east-2:524463040284:route-table/rtb-0c02c54ef0cc0020c",
            "id": "rtb-0c02c54ef0cc0020c",
            "owner_id": "524463040284",
            "propagating_vgws": [],
            "route": [],
            "tags": {
              "Name": "private-route-table"
            },
            "tags_all": {
              "Name": "private-route-table"
            },
            "vpc_id": "vpc-0900321d9b7cb4b45"
          },
          "sensitive_attributes": [],
          "private": "bnVsbA==",
          "dependencies": [
            "module.networking.aws_vpc.vpc"
          ]
        }
      ]
    },
    {
      "module": "module.networking",
      "mode": "managed",
      "type": "aws_route_table",
      "name": "public",
      "provider": "provider[\"registry.terraform.io/hashicorp/aws\"]",
      "instances": [
        {
          "schema_version": 0,
          "attributes": {
            "arn": "arn:aws:ec2:us-east-2:524463040284:route-table/rtb-0f1a82bc4b4f3e79d",
            "id": "rtb-0f1a82bc4b4f3e79d",
            "owner_id": "524463040284",
            "propagating_vgws": [],
            "route": [],
            "tags": {
              "Name": "public-route-table"
            },
            "tags_all": {
              "Name": "public-route-table"
            },
            "vpc_id": "vpc-0900321d9b7cb4b45"
          },
          "sensitive_attributes": [],
          "private": "bnVsbA==",
          "dependencies": [
            "module.networking.aws_vpc.vpc"
          ]
        }
      ]
    },
    {
      "module": "module.networking",
      "mode": "managed",
      "type": "aws_route_table_association",
      "name": "private",
      "provider": "provider[\"registry.terraform.io/hashicorp/aws\"]",
      "instances": [
        {
          "index_key": 0,
          "schema_version": 0,
          "attributes": {
            "gateway_id": "",
            "id": "rtbassoc-0ad9f3d881b06ae63",
            "route_table_id": "rtb-0c02c54ef0cc0020c",
            "subnet_id": "subnet-0e6d67505ff56f1ed"
          },
          "sensitive_attributes": [],
          "private": "bnVsbA==",
          "dependencies": [
            "module.networking.aws_route_table.private",
            "module.networking.aws_subnet.private_subnet",
            "module.networking.aws_vpc.vpc"
          ]
        },
        {
          "index_key": 1,
          "schema_version": 0,
          "attributes": {
            "gateway_id": "",
            "id": "rtbassoc-023f875e36266706f",
            "route_table_id": "rtb-0c02c54ef0cc0020c",
            "subnet_id": "subnet-026503851717dab3a"
          },
          "sensitive_attributes": [],
          "private": "bnVsbA==",
          "dependencies": [
            "module.networking.aws_route_table.private",
            "module.networking.aws_subnet.private_subnet",
            "module.networking.aws_vpc.vpc"
          ]
        }
      ]
    },
    {
      "module": "module.networking",
      "mode": "managed",
      "type": "aws_route_table_association",
      "name": "public",
      "provider": "provider[\"registry.terraform.io/hashicorp/aws\"]",
      "instances": [
        {
          "schema_version": 0,
          "attributes": {
            "gateway_id": "",
            "id": "rtbassoc-080b64847b591f957",
            "route_table_id": "rtb-0f1a82bc4b4f3e79d",
            "subnet_id": "subnet-0472465fd7d0342c1"
          },
          "sensitive_attributes": [],
          "private": "bnVsbA==",
          "dependencies": [
            "module.networking.aws_route_table.public",
            "module.networking.aws_subnet.public_subnet",
            "module.networking.aws_vpc.vpc"
          ]
        }
      ]
    },
    {
      "module": "module.networking",
      "mode": "managed",
      "type": "aws_security_group",
      "name": "default",
      "provider": "provider[\"registry.terraform.io/hashicorp/aws\"]",
      "instances": [
        {
          "schema_version": 1,
          "attributes": {
            "arn": "arn:aws:ec2:us-east-2:524463040284:security-group/sg-05301cb27978705a1",
            "description": "Default security group to allow inbound/outbound from the VPC",
            "egress": [
              {
                "cidr_blocks": [],
                "description": "",
                "from_port": 0,
                "ipv6_cidr_blocks": [],
                "prefix_list_ids": [],
                "protocol": "-1",
                "security_groups": [],
                "self": true,
                "to_port": 0
              }
            ],
            "id": "sg-05301cb27978705a1",
            "ingress": [
              {
                "cidr_blocks": [],
                "description": "",
                "from_port": 0,
                "ipv6_cidr_blocks": [],
                "prefix_list_ids": [],
                "protocol": "-1",
                "security_groups": [],
                "self": true,
                "to_port": 0
              }
            ],
            "name": "default-sg",
            "name_prefix": "",
            "owner_id": "524463040284",
            "revoke_rules_on_delete": false,
            "tags": null,
            "tags_all": {},
            "timeouts": null,
            "vpc_id": "vpc-0900321d9b7cb4b45"
          },
          "sensitive_attributes": [],
          "private": "eyJlMmJmYjczMC1lY2FhLTExZTYtOGY4OC0zNDM2M2JjN2M0YzAiOnsiY3JlYXRlIjo2MDAwMDAwMDAwMDAsImRlbGV0ZSI6OTAwMDAwMDAwMDAwfSwic2NoZW1hX3ZlcnNpb24iOiIxIn0=",
          "dependencies": [
            "module.networking.aws_vpc.vpc"
          ]
        }
      ]
    },
    {
      "module": "module.networking",
      "mode": "managed",
      "type": "aws_subnet",
      "name": "private_subnet",
      "provider": "provider[\"registry.terraform.io/hashicorp/aws\"]",
      "instances": [
        {
          "index_key": 0,
          "schema_version": 1,
          "attributes": {
            "arn": "arn:aws:ec2:us-east-2:524463040284:subnet/subnet-0e6d67505ff56f1ed",
            "assign_ipv6_address_on_creation": false,
            "availability_zone": "us-east-2a",
            "availability_zone_id": "use2-az1",
            "cidr_block": "10.0.1.0/24",
            "customer_owned_ipv4_pool": "",
            "id": "subnet-0e6d67505ff56f1ed",
            "ipv6_cidr_block": "",
            "ipv6_cidr_block_association_id": "",
            "map_customer_owned_ip_on_launch": false,
            "map_public_ip_on_launch": false,
            "outpost_arn": "",
            "owner_id": "524463040284",
            "tags": {
              "Name": "private-subnet-0"
            },
            "tags_all": {
              "Name": "private-subnet-0"
            },
            "timeouts": null,
            "vpc_id": "vpc-0900321d9b7cb4b45"
          },
          "sensitive_attributes": [],
          "private": "eyJlMmJmYjczMC1lY2FhLTExZTYtOGY4OC0zNDM2M2JjN2M0YzAiOnsiY3JlYXRlIjo2MDAwMDAwMDAwMDAsImRlbGV0ZSI6MTIwMDAwMDAwMDAwMH0sInNjaGVtYV92ZXJzaW9uIjoiMSJ9",
          "dependencies": [
            "module.networking.aws_vpc.vpc"
          ],
          "create_before_destroy": true
        },
        {
          "index_key": 1,
          "schema_version": 1,
          "attributes": {
            "arn": "arn:aws:ec2:us-east-2:524463040284:subnet/subnet-026503851717dab3a",
            "assign_ipv6_address_on_creation": false,
            "availability_zone": "us-east-2b",
            "availability_zone_id": "use2-az2",
            "cidr_block": "10.0.2.0/24",
            "customer_owned_ipv4_pool": "",
            "id": "subnet-026503851717dab3a",
            "ipv6_cidr_block": "",
            "ipv6_cidr_block_association_id": "",
            "map_customer_owned_ip_on_launch": false,
            "map_public_ip_on_launch": false,
            "outpost_arn": "",
            "owner_id": "524463040284",
            "tags": {
              "Name": "private-subnet-1"
            },
            "tags_all": {
              "Name": "private-subnet-1"
            },
            "timeouts": null,
            "vpc_id": "vpc-0900321d9b7cb4b45"
          },
          "sensitive_attributes": [],
          "private": "eyJlMmJmYjczMC1lY2FhLTExZTYtOGY4OC0zNDM2M2JjN2M0YzAiOnsiY3JlYXRlIjo2MDAwMDAwMDAwMDAsImRlbGV0ZSI6MTIwMDAwMDAwMDAwMH0sInNjaGVtYV92ZXJzaW9uIjoiMSJ9",
          "dependencies": [
            "module.networking.aws_vpc.vpc"
          ],
          "create_before_destroy": true
        }
      ]
    },
    {
      "module": "module.networking",
      "mode": "managed",
      "type": "aws_subnet",
      "name": "public_subnet",
      "provider": "provider[\"registry.terraform.io/hashicorp/aws\"]",
      "instances": [
        {
          "schema_version": 1,
          "attributes": {
            "arn": "arn:aws:ec2:us-east-2:524463040284:subnet/subnet-0472465fd7d0342c1",
            "assign_ipv6_address_on_creation": false,
            "availability_zone": "us-east-2a",
            "availability_zone_id": "use2-az1",
            "cidr_block": "10.0.0.0/24",
            "customer_owned_ipv4_pool": "",
            "id": "subnet-0472465fd7d0342c1",
            "ipv6_cidr_block": "",
            "ipv6_cidr_block_association_id": "",
            "map_customer_owned_ip_on_launch": false,
            "map_public_ip_on_launch": true,
            "outpost_arn": "",
            "owner_id": "524463040284",
            "tags": {
              "Name": "public-subnet"
            },
            "tags_all": {
              "Name": "public-subnet"
            },
            "timeouts": null,
            "vpc_id": "vpc-0900321d9b7cb4b45"
          },
          "sensitive_attributes": [],
          "private": "eyJlMmJmYjczMC1lY2FhLTExZTYtOGY4OC0zNDM2M2JjN2M0YzAiOnsiY3JlYXRlIjo2MDAwMDAwMDAwMDAsImRlbGV0ZSI6MTIwMDAwMDAwMDAwMH0sInNjaGVtYV92ZXJzaW9uIjoiMSJ9",
          "dependencies": [
            "module.networking.aws_vpc.vpc"
          ]
        }
      ]
    },
    {
      "module": "module.networking",
      "mode": "managed",
      "type": "aws_vpc",
      "name": "vpc",
      "provider": "provider[\"registry.terraform.io/hashicorp/aws\"]",
      "instances": [
        {
          "schema_version": 1,
          "attributes": {
            "arn": "arn:aws:ec2:us-east-2:524463040284:vpc/vpc-0900321d9b7cb4b45",
            "assign_generated_ipv6_cidr_block": false,
            "cidr_block": "10.0.0.0/16",
            "default_network_acl_id": "acl-0808f7a290a124580",
            "default_route_table_id": "rtb-0a56594e72bfa95ee",
            "default_security_group_id": "sg-04f7105475a103b52",
            "dhcp_options_id": "dopt-086514d31515919d2",
            "enable_classiclink": null,
            "enable_classiclink_dns_support": null,
            "enable_dns_hostnames": true,
            "enable_dns_support": true,
            "id": "vpc-0900321d9b7cb4b45",
            "instance_tenancy": "default",
            "ipv6_association_id": "",
            "ipv6_cidr_block": "",
            "main_route_table_id": "rtb-0a56594e72bfa95ee",
            "owner_id": "524463040284",
            "tags": {
              "Name": "vpc"
            },
            "tags_all": {
              "Name": "vpc"
            }
          },
          "sensitive_attributes": [],
          "private": "eyJzY2hlbWFfdmVyc2lvbiI6IjEifQ==",
          "create_before_destroy": true
        }
      ]
    },
    {
      "module": "module.rds",
      "mode": "managed",
      "type": "aws_db_instance",
      "name": "rds-instance",
      "provider": "provider[\"registry.terraform.io/hashicorp/aws\"]",
      "instances": [
        {
          "schema_version": 1,
          "attributes": {
            "address": "terraform-2021102500301773090000000d.cmrdfqdmurmd.us-east-2.rds.amazonaws.com",
            "allocated_storage": 20,
            "allow_major_version_upgrade": null,
            "apply_immediately": null,
            "arn": "arn:aws:rds:us-east-2:524463040284:db:terraform-2021102500301773090000000d",
            "auto_minor_version_upgrade": true,
            "availability_zone": "us-east-2b",
            "backup_retention_period": 0,
            "backup_window": "10:07-10:37",
            "ca_cert_identifier": "rds-ca-2019",
            "character_set_name": "",
            "copy_tags_to_snapshot": false,
            "customer_owned_ip_enabled": false,
            "db_subnet_group_name": "rds-subnet",
            "delete_automated_backups": true,
            "deletion_protection": false,
            "domain": "",
            "domain_iam_role_name": "",
            "enabled_cloudwatch_logs_exports": null,
            "endpoint": "terraform-2021102500301773090000000d.cmrdfqdmurmd.us-east-2.rds.amazonaws.com:5432",
            "engine": "postgres",
            "engine_version": "12.8",
            "engine_version_actual": "12.8",
            "final_snapshot_identifier": null,
            "hosted_zone_id": "Z2XHWR1WZ565X2",
            "iam_database_authentication_enabled": false,
            "id": "terraform-2021102500301773090000000d",
            "identifier": "terraform-2021102500301773090000000d",
            "identifier_prefix": null,
            "instance_class": "db.t2.micro",
            "iops": 0,
            "kms_key_id": "",
            "latest_restorable_time": "0001-01-01T00:00:00Z",
            "license_model": "postgresql-license",
            "maintenance_window": "mon:04:13-mon:04:43",
            "max_allocated_storage": 0,
            "monitoring_interval": 0,
            "monitoring_role_arn": "",
            "multi_az": false,
            "name": "dbname",
            "nchar_character_set_name": "",
            "option_group_name": "default:postgres-12",
            "parameter_group_name": "default.postgres12",
            "password": "dbpassword",
            "performance_insights_enabled": false,
            "performance_insights_kms_key_id": "",
            "performance_insights_retention_period": 0,
            "port": 5432,
            "publicly_accessible": false,
            "replicas": [],
            "replicate_source_db": "",
            "resource_id": "db-24OCMVIHC3NFEP4TBKP7F3LO24",
            "restore_to_point_in_time": [],
            "s3_import": [],
            "security_group_names": null,
            "skip_final_snapshot": true,
            "snapshot_identifier": null,
            "status": "available",
            "storage_encrypted": false,
            "storage_type": "gp2",
            "tags": {
              "Name": "rds-database"
            },
            "tags_all": {
              "Name": "rds-database"
            },
            "timeouts": null,
            "timezone": "",
            "username": "dbuser",
            "vpc_security_group_ids": [
              "sg-0433bd2b8ebb4b0e1"
            ]
          },
          "sensitive_attributes": [],
          "private": "eyJlMmJmYjczMC1lY2FhLTExZTYtOGY4OC0zNDM2M2JjN2M0YzAiOnsiY3JlYXRlIjoyNDAwMDAwMDAwMDAwLCJkZWxldGUiOjM2MDAwMDAwMDAwMDAsInVwZGF0ZSI6NDgwMDAwMDAwMDAwMH0sInNjaGVtYV92ZXJzaW9uIjoiMSJ9",
          "dependencies": [
            "module.networking.aws_subnet.private_subnet",
            "module.networking.aws_vpc.vpc",
            "module.rds.aws_db_subnet_group.db_subnet",
            "module.rds.aws_security_group.rds_sg"
          ]
        }
      ]
    },
    {
      "module": "module.rds",
      "mode": "managed",
      "type": "aws_db_subnet_group",
      "name": "db_subnet",
      "provider": "provider[\"registry.terraform.io/hashicorp/aws\"]",
      "instances": [
        {
          "schema_version": 0,
          "attributes": {
            "arn": "arn:aws:rds:us-east-2:524463040284:subgrp:rds-subnet",
            "description": "Managed by Terraform",
            "id": "rds-subnet",
            "name": "rds-subnet",
            "name_prefix": null,
            "subnet_ids": [
              "subnet-026503851717dab3a",
              "subnet-0e6d67505ff56f1ed"
            ],
            "tags": {
              "Name": "rds-db"
            },
            "tags_all": {
              "Name": "rds-db"
            }
          },
          "sensitive_attributes": [],
          "private": "bnVsbA==",
          "dependencies": [
            "module.networking.aws_subnet.private_subnet",
            "module.networking.aws_vpc.vpc"
          ]
        }
      ]
    },
    {
      "module": "module.rds",
      "mode": "managed",
      "type": "aws_security_group",
      "name": "rds_sg",
      "provider": "provider[\"registry.terraform.io/hashicorp/aws\"]",
      "instances": [
        {
          "schema_version": 1,
          "attributes": {
            "arn": "arn:aws:ec2:us-east-2:524463040284:security-group/sg-0433bd2b8ebb4b0e1",
            "description": "RDS servers (terraform-managed)",
            "egress": [
              {
                "cidr_blocks": [
                  "0.0.0.0/0"
                ],
                "description": "",
                "from_port": 0,
                "ipv6_cidr_blocks": [],
                "prefix_list_ids": [],
                "protocol": "-1",
                "security_groups": [],
                "self": false,
                "to_port": 0
              }
            ],
            "id": "sg-0433bd2b8ebb4b0e1",
            "ingress": [
              {
                "cidr_blocks": [
                  "0.0.0.0/0"
                ],
                "description": "",
                "from_port": 5432,
                "ipv6_cidr_blocks": [],
                "prefix_list_ids": [],
                "protocol": "tcp",
                "security_groups": [],
                "self": false,
                "to_port": 5432
              }
            ],
            "name": "rds_sg",
            "name_prefix": "",
            "owner_id": "524463040284",
            "revoke_rules_on_delete": false,
            "tags": null,
            "tags_all": {},
            "timeouts": null,
            "vpc_id": "vpc-0900321d9b7cb4b45"
          },
          "sensitive_attributes": [],
          "private": "eyJlMmJmYjczMC1lY2FhLTExZTYtOGY4OC0zNDM2M2JjN2M0YzAiOnsiY3JlYXRlIjo2MDAwMDAwMDAwMDAsImRlbGV0ZSI6OTAwMDAwMDAwMDAwfSwic2NoZW1hX3ZlcnNpb24iOiIxIn0=",
          "dependencies": [
            "module.networking.aws_vpc.vpc"
          ]
        }
      ]
    }
  ]
}
